
Microsoft Visual Studio Solution File, Format Version 12.00
# Visual Studio Version 17
VisualStudioVersion = 17.4.33213.308
MinimumVisualStudioVersion = 10.0.40219.1
Project("{8BC9CEB8-8B4A-11D0-8D11-00A0C91BC942}") = "Mackerel-Demo", "Mackerel-Demo\Mackerel-Demo.vcxproj", "{D5FFA469-4063-4AF8-89F3-DBF765F1C538}"
EndProject
Project("{8BC9CEB8-8B4A-11D0-8D11-00A0C91BC942}") = "Mackerel-Core", "Mackerel-Core\Mackerel-Core.vcxproj", "{28A0D958-888D-45B5-A8C0-406123F3D073}"
EndProject
Project("{8BC9CEB8-8B4A-11D0-8D11-00A0C91BC942}") = "Bullet3Collision", "Mackerel-Core\ext\bullet3-master\build3\vs2010\Bullet3Collision.vcxproj", "{EC30BEF4-D829-DD46-015C-C2CBEDB3BC52}"
EndProject
Project("{8BC9CEB8-8B4A-11D0-8D11-00A0C91BC942}") = "Bullet3Common", "Mackerel-Core\ext\bullet3-master\build3\vs2010\Bullet3Common.vcxproj", "{A9326E37-15F3-E96D-DE2D-33EB4AAD2E4A}"
EndProject
Project("{8BC9CEB8-8B4A-11D0-8D11-00A0C91BC942}") = "Bullet3Dynamics", "Mackerel-Core\ext\bullet3-master\build3\vs2010\Bullet3Dynamics.vcxproj", "{189748BB-8422-B67F-8D33-3974F93D1280}"
EndProject
Project("{8BC9CEB8-8B4A-11D0-8D11-00A0C91BC942}") = "Bullet3Geometry", "Mackerel-Core\ext\bullet3-master\build3\vs2010\Bullet3Geometry.vcxproj", "{0C73AB7F-78FE-1844-810F-9C38ED197544}"
EndProject
Project("{8BC9CEB8-8B4A-11D0-8D11-00A0C91BC942}") = "BulletCollision", "Mackerel-Core\ext\bullet3-master\build3\vs2010\BulletCollision.vcxproj", "{B91153C5-259D-C089-2EAE-437E9AB81C8A}"
EndProject
Project("{8BC9CEB8-8B4A-11D0-8D11-00A0C91BC942}") = "BulletDynamics", "Mackerel-Core\ext\bullet3-master\build3\vs2010\BulletDynamics.vcxproj", "{45122E0F-31E0-2115-1A74-923B06E1FD79}"
EndProject
Project("{8BC9CEB8-8B4A-11D0-8D11-00A0C91BC942}") = "LinearMath", "Mackerel-Core\ext\bullet3-master\build3\vs2010\LinearMath.vcxproj", "{EAF25DFD-D6AA-9F4A-3FB2-78A62B893A3B}"
EndProject
Global
	GlobalSection(SolutionConfigurationPlatforms) = preSolution
		Debug|ARM64 = Debug|ARM64
		Debug|x64 = Debug|x64
		Debug|x86 = Debug|x86
		MinSizeRel|ARM64 = MinSizeRel|ARM64
		MinSizeRel|x64 = MinSizeRel|x64
		MinSizeRel|x86 = MinSizeRel|x86
		Release|ARM64 = Release|ARM64
		Release|x64 = Release|x64
		Release|x86 = Release|x86
		RelWithDebInfo|ARM64 = RelWithDebInfo|ARM64
		RelWithDebInfo|x64 = RelWithDebInfo|x64
		RelWithDebInfo|x86 = RelWithDebInfo|x86
	EndGlobalSection
	GlobalSection(ProjectConfigurationPlatforms) = postSolution
		{D5FFA469-4063-4AF8-89F3-DBF765F1C538}.Debug|ARM64.ActiveCfg = Debug|x64
		{D5FFA469-4063-4AF8-89F3-DBF765F1C538}.Debug|ARM64.Build.0 = Debug|x64
		{D5FFA469-4063-4AF8-89F3-DBF765F1C538}.Debug|x64.ActiveCfg = Debug|x64
		{D5FFA469-4063-4AF8-89F3-DBF765F1C538}.Debug|x64.Build.0 = Debug|x64
		{D5FFA469-4063-4AF8-89F3-DBF765F1C538}.Debug|x86.ActiveCfg = Debug|Win32
		{D5FFA469-4063-4AF8-89F3-DBF765F1C538}.Debug|x86.Build.0 = Debug|Win32
		{D5FFA469-4063-4AF8-89F3-DBF765F1C538}.MinSizeRel|ARM64.ActiveCfg = Release|x64
		{D5FFA469-4063-4AF8-89F3-DBF765F1C538}.MinSizeRel|ARM64.Build.0 = Release|x64
		{D5FFA469-4063-4AF8-89F3-DBF765F1C538}.MinSizeRel|x64.ActiveCfg = Release|x64
		{D5FFA469-4063-4AF8-89F3-DBF765F1C538}.MinSizeRel|x64.Build.0 = Release|x64
		{D5FFA469-4063-4AF8-89F3-DBF765F1C538}.MinSizeRel|x86.ActiveCfg = Release|Win32
		{D5FFA469-4063-4AF8-89F3-DBF765F1C538}.MinSizeRel|x86.Build.0 = Release|Win32
		{D5FFA469-4063-4AF8-89F3-DBF765F1C538}.Release|ARM64.ActiveCfg = Release|x64
		{D5FFA469-4063-4AF8-89F3-DBF765F1C538}.Release|ARM64.Build.0 = Release|x64
		{D5FFA469-4063-4AF8-89F3-DBF765F1C538}.Release|x64.ActiveCfg = Release|x64
		{D5FFA469-4063-4AF8-89F3-DBF765F1C538}.Release|x64.Build.0 = Release|x64
		{D5FFA469-4063-4AF8-89F3-DBF765F1C538}.Release|x86.ActiveCfg = Release|Win32
		{D5FFA469-4063-4AF8-89F3-DBF765F1C538}.Release|x86.Build.0 = Release|Win32
		{D5FFA469-4063-4AF8-89F3-DBF765F1C538}.RelWithDebInfo|ARM64.ActiveCfg = Release|x64
		{D5FFA469-4063-4AF8-89F3-DBF765F1C538}.RelWithDebInfo|ARM64.Build.0 = Release|x64
		{D5FFA469-4063-4AF8-89F3-DBF765F1C538}.RelWithDebInfo|x64.ActiveCfg = Release|x64
		{D5FFA469-4063-4AF8-89F3-DBF765F1C538}.RelWithDebInfo|x64.Build.0 = Release|x64
		{D5FFA469-4063-4AF8-89F3-DBF765F1C538}.RelWithDebInfo|x86.ActiveCfg = Release|Win32
		{D5FFA469-4063-4AF8-89F3-DBF765F1C538}.RelWithDebInfo|x86.Build.0 = Release|Win32
		{28A0D958-888D-45B5-A8C0-406123F3D073}.Debug|ARM64.ActiveCfg = Debug|x64
		{28A0D958-888D-45B5-A8C0-406123F3D073}.Debug|ARM64.Build.0 = Debug|x64
		{28A0D958-888D-45B5-A8C0-406123F3D073}.Debug|x64.ActiveCfg = Debug|x64
		{28A0D958-888D-45B5-A8C0-406123F3D073}.Debug|x64.Build.0 = Debug|x64
		{28A0D958-888D-45B5-A8C0-406123F3D073}.Debug|x86.ActiveCfg = Debug|Win32
		{28A0D958-888D-45B5-A8C0-406123F3D073}.Debug|x86.Build.0 = Debug|Win32
		{28A0D958-888D-45B5-A8C0-406123F3D073}.MinSizeRel|ARM64.ActiveCfg = Release|x64
		{28A0D958-888D-45B5-A8C0-406123F3D073}.MinSizeRel|ARM64.Build.0 = Release|x64
		{28A0D958-888D-45B5-A8C0-406123F3D073}.MinSizeRel|x64.ActiveCfg = Release|x64
		{28A0D958-888D-45B5-A8C0-406123F3D073}.MinSizeRel|x64.Build.0 = Release|x64
		{28A0D958-888D-45B5-A8C0-406123F3D073}.MinSizeRel|x86.ActiveCfg = Release|Win32
		{28A0D958-888D-45B5-A8C0-406123F3D073}.MinSizeRel|x86.Build.0 = Release|Win32
		{28A0D958-888D-45B5-A8C0-406123F3D073}.Release|ARM64.ActiveCfg = Release|x64
		{28A0D958-888D-45B5-A8C0-406123F3D073}.Release|ARM64.Build.0 = Release|x64
		{28A0D958-888D-45B5-A8C0-406123F3D073}.Release|x64.ActiveCfg = Release|x64
		{28A0D958-888D-45B5-A8C0-406123F3D073}.Release|x64.Build.0 = Release|x64
		{28A0D958-888D-45B5-A8C0-406123F3D073}.Release|x86.ActiveCfg = Release|Win32
		{28A0D958-888D-45B5-A8C0-406123F3D073}.Release|x86.Build.0 = Release|Win32
		{28A0D958-888D-45B5-A8C0-406123F3D073}.RelWithDebInfo|ARM64.ActiveCfg = Release|x64
		{28A0D958-888D-45B5-A8C0-406123F3D073}.RelWithDebInfo|ARM64.Build.0 = Release|x64
		{28A0D958-888D-45B5-A8C0-406123F3D073}.RelWithDebInfo|x64.ActiveCfg = Release|x64
		{28A0D958-888D-45B5-A8C0-406123F3D073}.RelWithDebInfo|x64.Build.0 = Release|x64
		{28A0D958-888D-45B5-A8C0-406123F3D073}.RelWithDebInfo|x86.ActiveCfg = Release|Win32
		{28A0D958-888D-45B5-A8C0-406123F3D073}.RelWithDebInfo|x86.Build.0 = Release|Win32
		{EC30BEF4-D829-DD46-015C-C2CBEDB3BC52}.Debug|ARM64.ActiveCfg = Debug|x64
		{EC30BEF4-D829-DD46-015C-C2CBEDB3BC52}.Debug|ARM64.Build.0 = Debug|x64
		{EC30BEF4-D829-DD46-015C-C2CBEDB3BC52}.Debug|x64.ActiveCfg = Debug|x64
		{EC30BEF4-D829-DD46-015C-C2CBEDB3BC52}.Debug|x64.Build.0 = Debug|x64
		{EC30BEF4-D829-DD46-015C-C2CBEDB3BC52}.Debug|x86.ActiveCfg = Debug|Win32
		{EC30BEF4-D829-DD46-015C-C2CBEDB3BC52}.Debug|x86.Build.0 = Debug|Win32
		{EC30BEF4-D829-DD46-015C-C2CBEDB3BC52}.MinSizeRel|ARM64.ActiveCfg = Release|x64
		{EC30BEF4-D829-DD46-015C-C2CBEDB3BC52}.MinSizeRel|ARM64.Build.0 = Release|x64
		{EC30BEF4-D829-DD46-015C-C2CBEDB3BC52}.MinSizeRel|x64.ActiveCfg = Debug|Win32
		{EC30BEF4-D829-DD46-015C-C2CBEDB3BC52}.MinSizeRel|x64.Build.0 = Debug|Win32
		{EC30BEF4-D829-DD46-015C-C2CBEDB3BC52}.MinSizeRel|x86.ActiveCfg = Debug|Win32
		{EC30BEF4-D829-DD46-015C-C2CBEDB3BC52}.MinSizeRel|x86.Build.0 = Debug|Win32
		{EC30BEF4-D829-DD46-015C-C2CBEDB3BC52}.Release|ARM64.ActiveCfg = Release|x64
		{EC30BEF4-D829-DD46-015C-C2CBEDB3BC52}.Release|ARM64.Build.0 = Release|x64
		{EC30BEF4-D829-DD46-015C-C2CBEDB3BC52}.Release|x64.ActiveCfg = Release|x64
		{EC30BEF4-D829-DD46-015C-C2CBEDB3BC52}.Release|x64.Build.0 = Release|x64
		{EC30BEF4-D829-DD46-015C-C2CBEDB3BC52}.Release|x86.ActiveCfg = Release|Win32
		{EC30BEF4-D829-DD46-015C-C2CBEDB3BC52}.Release|x86.Build.0 = Release|Win32
		{EC30BEF4-D829-DD46-015C-C2CBEDB3BC52}.RelWithDebInfo|ARM64.ActiveCfg = Release|x64
		{EC30BEF4-D829-DD46-015C-C2CBEDB3BC52}.RelWithDebInfo|ARM64.Build.0 = Release|x64
		{EC30BEF4-D829-DD46-015C-C2CBEDB3BC52}.RelWithDebInfo|x64.ActiveCfg = Release|Win32
		{EC30BEF4-D829-DD46-015C-C2CBEDB3BC52}.RelWithDebInfo|x64.Build.0 = Release|Win32
		{EC30BEF4-D829-DD46-015C-C2CBEDB3BC52}.RelWithDebInfo|x86.ActiveCfg = Release|Win32
		{EC30BEF4-D829-DD46-015C-C2CBEDB3BC52}.RelWithDebInfo|x86.Build.0 = Release|Win32
		{A9326E37-15F3-E96D-DE2D-33EB4AAD2E4A}.Debug|ARM64.ActiveCfg = Debug|x64
		{A9326E37-15F3-E96D-DE2D-33EB4AAD2E4A}.Debug|ARM64.Build.0 = Debug|x64
		{A9326E37-15F3-E96D-DE2D-33EB4AAD2E4A}.Debug|x64.ActiveCfg = Debug|x64
		{A9326E37-15F3-E96D-DE2D-33EB4AAD2E4A}.Debug|x64.Build.0 = Debug|x64
		{A9326E37-15F3-E96D-DE2D-33EB4AAD2E4A}.Debug|x86.ActiveCfg = Debug|Win32
		{A9326E37-15F3-E96D-DE2D-33EB4AAD2E4A}.Debug|x86.Build.0 = Debug|Win32
		{A9326E37-15F3-E96D-DE2D-33EB4AAD2E4A}.MinSizeRel|ARM64.ActiveCfg = Release|x64
		{A9326E37-15F3-E96D-DE2D-33EB4AAD2E4A}.MinSizeRel|ARM64.Build.0 = Release|x64
		{A9326E37-15F3-E96D-DE2D-33EB4AAD2E4A}.MinSizeRel|x64.ActiveCfg = Debug|Win32
		{A9326E37-15F3-E96D-DE2D-33EB4AAD2E4A}.MinSizeRel|x64.Build.0 = Debug|Win32
		{A9326E37-15F3-E96D-DE2D-33EB4AAD2E4A}.MinSizeRel|x86.ActiveCfg = Debug|Win32
		{A9326E37-15F3-E96D-DE2D-33EB4AAD2E4A}.MinSizeRel|x86.Build.0 = Debug|Win32
		{A9326E37-15F3-E96D-DE2D-33EB4AAD2E4A}.Release|ARM64.ActiveCfg = Release|x64
		{A9326E37-15F3-E96D-DE2D-33EB4AAD2E4A}.Release|ARM64.Build.0 = Release|x64
		{A9326E37-15F3-E96D-DE2D-33EB4AAD2E4A}.Release|x64.ActiveCfg = Release|x64
		{A9326E37-15F3-E96D-DE2D-33EB4AAD2E4A}.Release|x64.Build.0 = Release|x64
		{A9326E37-15F3-E96D-DE2D-33EB4AAD2E4A}.Release|x86.ActiveCfg = Release|Win32
		{A9326E37-15F3-E96D-DE2D-33EB4AAD2E4A}.Release|x86.Build.0 = Release|Win32
		{A9326E37-15F3-E96D-DE2D-33EB4AAD2E4A}.RelWithDebInfo|ARM64.ActiveCfg = Release|x64
		{A9326E37-15F3-E96D-DE2D-33EB4AAD2E4A}.RelWithDebInfo|ARM64.Build.0 = Release|x64
		{A9326E37-15F3-E96D-DE2D-33EB4AAD2E4A}.RelWithDebInfo|x64.ActiveCfg = Release|Win32
		{A9326E37-15F3-E96D-DE2D-33EB4AAD2E4A}.RelWithDebInfo|x64.Build.0 = Release|Win32
		{A9326E37-15F3-E96D-DE2D-33EB4AAD2E4A}.RelWithDebInfo|x86.ActiveCfg = Release|Win32
		{A9326E37-15F3-E96D-DE2D-33EB4AAD2E4A}.RelWithDebInfo|x86.Build.0 = Release|Win32
		{189748BB-8422-B67F-8D33-3974F93D1280}.Debug|ARM64.ActiveCfg = Debug|x64
		{189748BB-8422-B67F-8D33-3974F93D1280}.Debug|ARM64.Build.0 = Debug|x64
		{189748BB-8422-B67F-8D33-3974F93D1280}.Debug|x64.ActiveCfg = Debug|x64
		{189748BB-8422-B67F-8D33-3974F93D1280}.Debug|x64.Build.0 = Debug|x64
		{189748BB-8422-B67F-8D33-3974F93D1280}.Debug|x86.ActiveCfg = Debug|Win32
		{189748BB-8422-B67F-8D33-3974F93D1280}.Debug|x86.Build.0 = Debug|Win32
		{189748BB-8422-B67F-8D33-3974F93D1280}.MinSizeRel|ARM64.ActiveCfg = Release|x64
		{189748BB-8422-B67F-8D33-3974F93D1280}.MinSizeRel|ARM64.Build.0 = Release|x64
		{189748BB-8422-B67F-8D33-3974F93D1280}.MinSizeRel|x64.ActiveCfg = Debug|Win32
		{189748BB-8422-B67F-8D33-3974F93D1280}.MinSizeRel|x64.Build.0 = Debug|Win32
		{189748BB-8422-B67F-8D33-3974F93D1280}.MinSizeRel|x86.ActiveCfg = Debug|Win32
		{189748BB-8422-B67F-8D33-3974F93D1280}.MinSizeRel|x86.Build.0 = Debug|Win32
		{189748BB-8422-B67F-8D33-3974F93D1280}.Release|ARM64.ActiveCfg = Release|x64
		{189748BB-8422-B67F-8D33-3974F93D1280}.Release|ARM64.Build.0 = Release|x64
		{189748BB-8422-B67F-8D33-3974F93D1280}.Release|x64.ActiveCfg = Release|x64
		{189748BB-8422-B67F-8D33-3974F93D1280}.Release|x64.Build.0 = Release|x64
		{189748BB-8422-B67F-8D33-3974F93D1280}.Release|x86.ActiveCfg = Release|Win32
		{189748BB-8422-B67F-8D33-3974F93D1280}.Release|x86.Build.0 = Release|Win32
		{189748BB-8422-B67F-8D33-3974F93D1280}.RelWithDebInfo|ARM64.ActiveCfg = Release|x64
		{189748BB-8422-B67F-8D33-3974F93D1280}.RelWithDebInfo|ARM64.Build.0 = Release|x64
		{189748BB-8422-B67F-8D33-3974F93D1280}.RelWithDebInfo|x64.ActiveCfg = Release|Win32
		{189748BB-8422-B67F-8D33-3974F93D1280}.RelWithDebInfo|x64.Build.0 = Release|Win32
		{189748BB-8422-B67F-8D33-3974F93D1280}.RelWithDebInfo|x86.ActiveCfg = Release|Win32
		{189748BB-8422-B67F-8D33-3974F93D1280}.RelWithDebInfo|x86.Build.0 = Release|Win32
		{0C73AB7F-78FE-1844-810F-9C38ED197544}.Debug|ARM64.ActiveCfg = Debug|x64
		{0C73AB7F-78FE-1844-810F-9C38ED197544}.Debug|ARM64.Build.0 = Debug|x64
		{0C73AB7F-78FE-1844-810F-9C38ED197544}.Debug|x64.ActiveCfg = Debug|x64
		{0C73AB7F-78FE-1844-810F-9C38ED197544}.Debug|x64.Build.0 = Debug|x64
		{0C73AB7F-78FE-1844-810F-9C38ED197544}.Debug|x86.ActiveCfg = Debug|Win32
		{0C73AB7F-78FE-1844-810F-9C38ED197544}.Debug|x86.Build.0 = Debug|Win32
		{0C73AB7F-78FE-1844-810F-9C38ED197544}.MinSizeRel|ARM64.ActiveCfg = Release|x64
		{0C73AB7F-78FE-1844-810F-9C38ED197544}.MinSizeRel|ARM64.Build.0 = Release|x64
		{0C73AB7F-78FE-1844-810F-9C38ED197544}.MinSizeRel|x64.ActiveCfg = Debug|Win32
		{0C73AB7F-78FE-1844-810F-9C38ED197544}.MinSizeRel|x64.Build.0 = Debug|Win32
		{0C73AB7F-78FE-1844-810F-9C38ED197544}.MinSizeRel|x86.ActiveCfg = Debug|Win32
		{0C73AB7F-78FE-1844-810F-9C38ED197544}.MinSizeRel|x86.Build.0 = Debug|Win32
		{0C73AB7F-78FE-1844-810F-9C38ED197544}.Release|ARM64.ActiveCfg = Release|x64
		{0C73AB7F-78FE-1844-810F-9C38ED197544}.Release|ARM64.Build.0 = Release|x64
		{0C73AB7F-78FE-1844-810F-9C38ED197544}.Release|x64.ActiveCfg = Release|x64
		{0C73AB7F-78FE-1844-810F-9C38ED197544}.Release|x64.Build.0 = Release|x64
		{0C73AB7F-78FE-1844-810F-9C38ED197544}.Release|x86.ActiveCfg = Release|Win32
		{0C73AB7F-78FE-1844-810F-9C38ED197544}.Release|x86.Build.0 = Release|Win32
		{0C73AB7F-78FE-1844-810F-9C38ED197544}.RelWithDebInfo|ARM64.ActiveCfg = Release|x64
		{0C73AB7F-78FE-1844-810F-9C38ED197544}.RelWithDebInfo|ARM64.Build.0 = Release|x64
		{0C73AB7F-78FE-1844-810F-9C38ED197544}.RelWithDebInfo|x64.ActiveCfg = Release|Win32
		{0C73AB7F-78FE-1844-810F-9C38ED197544}.RelWithDebInfo|x64.Build.0 = Release|Win32
		{0C73AB7F-78FE-1844-810F-9C38ED197544}.RelWithDebInfo|x86.ActiveCfg = Release|Win32
		{0C73AB7F-78FE-1844-810F-9C38ED197544}.RelWithDebInfo|x86.Build.0 = Release|Win32
		{B91153C5-259D-C089-2EAE-437E9AB81C8A}.Debug|ARM64.ActiveCfg = Debug|x64
		{B91153C5-259D-C089-2EAE-437E9AB81C8A}.Debug|ARM64.Build.0 = Debug|x64
		{B91153C5-259D-C089-2EAE-437E9AB81C8A}.Debug|x64.ActiveCfg = Debug|x64
		{B91153C5-259D-C089-2EAE-437E9AB81C8A}.Debug|x64.Build.0 = Debug|x64
		{B91153C5-259D-C089-2EAE-437E9AB81C8A}.Debug|x86.ActiveCfg = Debug|Win32
		{B91153C5-259D-C089-2EAE-437E9AB81C8A}.Debug|x86.Build.0 = Debug|Win32
		{B91153C5-259D-C089-2EAE-437E9AB81C8A}.MinSizeRel|ARM64.ActiveCfg = Release|x64
		{B91153C5-259D-C089-2EAE-437E9AB81C8A}.MinSizeRel|ARM64.Build.0 = Release|x64
		{B91153C5-259D-C089-2EAE-437E9AB81C8A}.MinSizeRel|x64.ActiveCfg = Debug|Win32
		{B91153C5-259D-C089-2EAE-437E9AB81C8A}.MinSizeRel|x64.Build.0 = Debug|Win32
		{B91153C5-259D-C089-2EAE-437E9AB81C8A}.MinSizeRel|x86.ActiveCfg = Debug|Win32
		{B91153C5-259D-C089-2EAE-437E9AB81C8A}.MinSizeRel|x86.Build.0 = Debug|Win32
		{B91153C5-259D-C089-2EAE-437E9AB81C8A}.Release|ARM64.ActiveCfg = Release|x64
		{B91153C5-259D-C089-2EAE-437E9AB81C8A}.Release|ARM64.Build.0 = Release|x64
		{B91153C5-259D-C089-2EAE-437E9AB81C8A}.Release|x64.ActiveCfg = Release|x64
		{B91153C5-259D-C089-2EAE-437E9AB81C8A}.Release|x64.Build.0 = Release|x64
		{B91153C5-259D-C089-2EAE-437E9AB81C8A}.Release|x86.ActiveCfg = Release|Win32
		{B91153C5-259D-C089-2EAE-437E9AB81C8A}.Release|x86.Build.0 = Release|Win32
		{B91153C5-259D-C089-2EAE-437E9AB81C8A}.RelWithDebInfo|ARM64.ActiveCfg = Release|x64
		{B91153C5-259D-C089-2EAE-437E9AB81C8A}.RelWithDebInfo|ARM64.Build.0 = Release|x64
		{B91153C5-259D-C089-2EAE-437E9AB81C8A}.RelWithDebInfo|x64.ActiveCfg = Release|Win32
		{B91153C5-259D-C089-2EAE-437E9AB81C8A}.RelWithDebInfo|x64.Build.0 = Release|Win32
		{B91153C5-259D-C089-2EAE-437E9AB81C8A}.RelWithDebInfo|x86.ActiveCfg = Release|Win32
		{B91153C5-259D-C089-2EAE-437E9AB81C8A}.RelWithDebInfo|x86.Build.0 = Release|Win32
		{45122E0F-31E0-2115-1A74-923B06E1FD79}.Debug|ARM64.ActiveCfg = Debug|x64
		{45122E0F-31E0-2115-1A74-923B06E1FD79}.Debug|ARM64.Build.0 = Debug|x64
		{45122E0F-31E0-2115-1A74-923B06E1FD79}.Debug|x64.ActiveCfg = Debug|x64
		{45122E0F-31E0-2115-1A74-923B06E1FD79}.Debug|x64.Build.0 = Debug|x64
		{45122E0F-31E0-2115-1A74-923B06E1FD79}.Debug|x86.ActiveCfg = Debug|Win32
		{45122E0F-31E0-2115-1A74-923B06E1FD79}.Debug|x86.Build.0 = Debug|Win32
		{45122E0F-31E0-2115-1A74-923B06E1FD79}.MinSizeRel|ARM64.ActiveCfg = Release|x64
		{45122E0F-31E0-2115-1A74-923B06E1FD79}.MinSizeRel|ARM64.Build.0 = Release|x64
		{45122E0F-31E0-2115-1A74-923B06E1FD79}.MinSizeRel|x64.ActiveCfg = Debug|Win32
		{45122E0F-31E0-2115-1A74-923B06E1FD79}.MinSizeRel|x64.Build.0 = Debug|Win32
		{45122E0F-31E0-2115-1A74-923B06E1FD79}.MinSizeRel|x86.ActiveCfg = Debug|Win32
		{45122E0F-31E0-2115-1A74-923B06E1FD79}.MinSizeRel|x86.Build.0 = Debug|Win32
		{45122E0F-31E0-2115-1A74-923B06E1FD79}.Release|ARM64.ActiveCfg = Release|x64
		{45122E0F-31E0-2115-1A74-923B06E1FD79}.Release|ARM64.Build.0 = Release|x64
		{45122E0F-31E0-2115-1A74-923B06E1FD79}.Release|x64.ActiveCfg = Release|x64
		{45122E0F-31E0-2115-1A74-923B06E1FD79}.Release|x64.Build.0 = Release|x64
		{45122E0F-31E0-2115-1A74-923B06E1FD79}.Release|x86.ActiveCfg = Release|Win32
		{45122E0F-31E0-2115-1A74-923B06E1FD79}.Release|x86.Build.0 = Release|Win32
		{45122E0F-31E0-2115-1A74-923B06E1FD79}.RelWithDebInfo|ARM64.ActiveCfg = Release|x64
		{45122E0F-31E0-2115-1A74-923B06E1FD79}.RelWithDebInfo|ARM64.Build.0 = Release|x64
		{45122E0F-31E0-2115-1A74-923B06E1FD79}.RelWithDebInfo|x64.ActiveCfg = Release|Win32
		{45122E0F-31E0-2115-1A74-923B06E1FD79}.RelWithDebInfo|x64.Build.0 = Release|Win32
		{45122E0F-31E0-2115-1A74-923B06E1FD79}.RelWithDebInfo|x86.ActiveCfg = Release|Win32
		{45122E0F-31E0-2115-1A74-923B06E1FD79}.RelWithDebInfo|x86.Build.0 = Release|Win32
		{EAF25DFD-D6AA-9F4A-3FB2-78A62B893A3B}.Debug|ARM64.ActiveCfg = Debug|x64
		{EAF25DFD-D6AA-9F4A-3FB2-78A62B893A3B}.Debug|ARM64.Build.0 = Debug|x64
		{EAF25DFD-D6AA-9F4A-3FB2-78A62B893A3B}.Debug|x64.ActiveCfg = Debug|x64
		{EAF25DFD-D6AA-9F4A-3FB2-78A62B893A3B}.Debug|x64.Build.0 = Debug|x64
		{EAF25DFD-D6AA-9F4A-3FB2-78A62B893A3B}.Debug|x86.ActiveCfg = Debug|Win32
		{EAF25DFD-D6AA-9F4A-3FB2-78A62B893A3B}.Debug|x86.Build.0 = Debug|Win32
		{EAF25DFD-D6AA-9F4A-3FB2-78A62B893A3B}.MinSizeRel|ARM64.ActiveCfg = Release|x64
		{EAF25DFD-D6AA-9F4A-3FB2-78A62B893A3B}.MinSizeRel|ARM64.Build.0 = Release|x64
		{EAF25DFD-D6AA-9F4A-3FB2-78A62B893A3B}.MinSizeRel|x64.ActiveCfg = Debug|x64
		{EAF25DFD-D6AA-9F4A-3FB2-78A62B893A3B}.MinSizeRel|x64.Build.0 = Debug|x64
		{EAF25DFD-D6AA-9F4A-3FB2-78A62B893A3B}.MinSizeRel|x86.ActiveCfg = Debug|Win32
		{EAF25DFD-D6AA-9F4A-3FB2-78A62B893A3B}.MinSizeRel|x86.Build.0 = Debug|Win32
		{EAF25DFD-D6AA-9F4A-3FB2-78A62B893A3B}.Release|ARM64.ActiveCfg = Release|x64
		{EAF25DFD-D6AA-9F4A-3FB2-78A62B893A3B}.Release|ARM64.Build.0 = Release|x64
		{EAF25DFD-D6AA-9F4A-3FB2-78A62B893A3B}.Release|x64.ActiveCfg = Release|x64
		{EAF25DFD-D6AA-9F4A-3FB2-78A62B893A3B}.Release|x64.Build.0 = Release|x64
		{EAF25DFD-D6AA-9F4A-3FB2-78A62B893A3B}.Release|x86.ActiveCfg = Release|Win32
		{EAF25DFD-D6AA-9F4A-3FB2-78A62B893A3B}.Release|x86.Build.0 = Release|Win32
		{EAF25DFD-D6AA-9F4A-3FB2-78A62B893A3B}.RelWithDebInfo|ARM64.ActiveCfg = Release|x64
		{EAF25DFD-D6AA-9F4A-3FB2-78A62B893A3B}.RelWithDebInfo|ARM64.Build.0 = Release|x64
		{EAF25DFD-D6AA-9F4A-3FB2-78A62B893A3B}.RelWithDebInfo|x64.ActiveCfg = Release|x64
		{EAF25DFD-D6AA-9F4A-3FB2-78A62B893A3B}.RelWithDebInfo|x64.Build.0 = Release|x64
		{EAF25DFD-D6AA-9F4A-3FB2-78A62B893A3B}.RelWithDebInfo|x86.ActiveCfg = Release|Win32
		{EAF25DFD-D6AA-9F4A-3FB2-78A62B893A3B}.RelWithDebInfo|x86.Build.0 = Release|Win32
	EndGlobalSection
	GlobalSection(SolutionProperties) = preSolution
		HideSolutionNode = FALSE
	EndGlobalSection
	GlobalSection(ExtensibilityGlobals) = postSolution
		SolutionGuid = {DA763DFD-F4F6-46C5-8337-3D9DDCCDB5B8}
	EndGlobalSection
EndGlobal
