<?xml version="1.0" encoding="utf-8"?>
<Project ToolsVersion="4.0" xmlns="http://schemas.microsoft.com/developer/msbuild/2003">
  <ItemGroup>
    <Filter Include="Source Files">
      <UniqueIdentifier>{4FC737F1-C7A5-4376-A066-2A32D752A2FF}</UniqueIdentifier>
      <Extensions>cpp;c;cc;cxx;c++;cppm;ixx;def;odl;idl;hpj;bat;asm;asmx</Extensions>
    </Filter>
    <Filter Include="Resource Files">
      <UniqueIdentifier>{67DA6AB6-F800-4c08-8B7A-83BB121AAD01}</UniqueIdentifier>
      <Extensions>rc;ico;cur;bmp;dlg;rc2;rct;bin;rgs;gif;jpg;jpeg;jpe;resx;tiff;tif;png;wav;mfcribbon-ms</Extensions>
    </Filter>
    <Filter Include="Class Diagrams">
      <UniqueIdentifier>{efb4cd8c-e288-4311-b4a4-b5beb35510eb}</UniqueIdentifier>
    </Filter>
    <Filter Include="Source Files\AssetTypes">
      <UniqueIdentifier>{343a5cf1-15c0-4f93-9df9-b31f5deb9575}</UniqueIdentifier>
    </Filter>
    <Filter Include="External Files">
      <UniqueIdentifier>{93995380-89BD-4b04-88EB-625FBE52EBFB}</UniqueIdentifier>
      <Extensions>h;hh;hpp;hxx;h++;hm;inl;inc;ipp;xsd</Extensions>
    </Filter>
    <Filter Include="External Files\ImGui">
      <UniqueIdentifier>{9eb12738-2791-4710-8980-22655953348b}</UniqueIdentifier>
    </Filter>
    <Filter Include="External Files\ImGui\Backends">
      <UniqueIdentifier>{ffe88599-0232-479f-963c-bf5200273827}</UniqueIdentifier>
    </Filter>
    <Filter Include="External Files\GLAD">
      <UniqueIdentifier>{57d61343-3c07-413d-9e72-a6bd069023c1}</UniqueIdentifier>
    </Filter>
    <Filter Include="Source Files\Systems">
      <UniqueIdentifier>{1c6a4f56-ba00-4684-9064-a7c9b47ec93a}</UniqueIdentifier>
    </Filter>
    <Filter Include="Source Files\Systems\Resource Management">
      <UniqueIdentifier>{be332b34-daf7-415a-b1f7-a1e7002381fc}</UniqueIdentifier>
    </Filter>
    <Filter Include="Source Files\AssetTypes\Mesh">
      <UniqueIdentifier>{83dc9543-72a0-4753-b4ca-dcc0b6bd9b64}</UniqueIdentifier>
    </Filter>
    <Filter Include="Source Files\AssetTypes\Material">
      <UniqueIdentifier>{50c35953-fdcb-4e01-ad3f-950ae07317f7}</UniqueIdentifier>
    </Filter>
    <Filter Include="Source Files\AssetTypes\Shader">
      <UniqueIdentifier>{4a16d2a8-9a20-4662-a0cd-3a17c9cd1864}</UniqueIdentifier>
    </Filter>
    <Filter Include="Source Files\AssetTypes\Texture">
      <UniqueIdentifier>{16a92eb2-1d9d-4c86-a749-30e10389bbb0}</UniqueIdentifier>
    </Filter>
    <Filter Include="Source Files\Systems\Rendering">
      <UniqueIdentifier>{7e29936c-0138-48fc-b14c-f24bfb0a6e9c}</UniqueIdentifier>
    </Filter>
    <Filter Include="Resource Files\Shaders">
      <UniqueIdentifier>{5cc9a9b4-273b-4ffd-b60f-71940f212744}</UniqueIdentifier>
    </Filter>
    <Filter Include="External Files\nlohmann">
      <UniqueIdentifier>{2d2f3ff2-3d66-4e66-b6a5-3dee22ec73cf}</UniqueIdentifier>
    </Filter>
    <Filter Include="Source Files\Systems\EntitySystem">
      <UniqueIdentifier>{cf4707f1-f044-4856-8846-c40588888651}</UniqueIdentifier>
    </Filter>
    <Filter Include="Resource Files\Shaders\Shader Headers">
      <UniqueIdentifier>{6fef7a7b-a3eb-4744-8f9f-75d0f0eef781}</UniqueIdentifier>
    </Filter>
    <Filter Include="Source Files\Systems\Memory Management">
      <UniqueIdentifier>{5f5c7d82-68df-4826-9bf4-ea6c5df0bba1}</UniqueIdentifier>
    </Filter>
    <Filter Include="Source Files\Systems\Input System">
      <UniqueIdentifier>{5a73f732-1725-4cd8-88c8-43c3686980d1}</UniqueIdentifier>
    </Filter>
    <Filter Include="Source Files\Systems\Time Management">
      <UniqueIdentifier>{27375c6e-4617-48c8-b49d-b918f01687f6}</UniqueIdentifier>
    </Filter>
    <Filter Include="Source Files\Systems\Logging System">
      <UniqueIdentifier>{6bedb308-12b1-44ce-8525-577dbca988b5}</UniqueIdentifier>
    </Filter>
    <Filter Include="Resource Files\Configs">
      <UniqueIdentifier>{8665c044-5c13-46b2-b41b-4d0189a44c3e}</UniqueIdentifier>
    </Filter>
    <Filter Include="External Files\easylogging">
      <UniqueIdentifier>{a13528f9-b630-4a90-9035-55cef805ad13}</UniqueIdentifier>
    </Filter>
    <Filter Include="Source Files\Systems\Resource Management\Mesh">
      <UniqueIdentifier>{0a7b3027-6778-4815-9c97-4728c59163fc}</UniqueIdentifier>
    </Filter>
    <Filter Include="Source Files\Systems\Resource Management\Shader">
      <UniqueIdentifier>{fa0f0dc6-a6b7-4e2e-9368-929fe0746cd0}</UniqueIdentifier>
    </Filter>
    <Filter Include="Source Files\Systems\Resource Management\Texture">
      <UniqueIdentifier>{e8f6cc70-63e8-45d0-9e72-f2f527864345}</UniqueIdentifier>
    </Filter>
    <Filter Include="Source Files\Systems\Resource Management\Material">
      <UniqueIdentifier>{8ca0dc8c-cfd6-463f-aa7b-0329cebc4b14}</UniqueIdentifier>
    </Filter>
    <Filter Include="Source Files\Systems\EntitySystem\Components">
      <UniqueIdentifier>{47ec9567-787d-4a02-b476-31a58bbab107}</UniqueIdentifier>
    </Filter>
    <Filter Include="Source Files\Systems\Physics">
      <UniqueIdentifier>{6616f775-a163-4bd1-a640-009233ab2292}</UniqueIdentifier>
    </Filter>
    <Filter Include="External Files\bullet">
      <UniqueIdentifier>{4681943c-c547-4906-90cd-d5d8b4bc441c}</UniqueIdentifier>
    </Filter>
    <Filter Include="Source Files\Systems\Input System\Input Sets">
      <UniqueIdentifier>{15b6880b-10ce-4635-91c6-75ea08d371fa}</UniqueIdentifier>
    </Filter>
    <Filter Include="Source Files\Systems\Helpers">
      <UniqueIdentifier>{5948e6f4-c637-4ad0-bcca-1dc0198645a4}</UniqueIdentifier>
    </Filter>
    <Filter Include="Resource Files\Shaders\Vertex Shaders">
      <UniqueIdentifier>{d29d2f3d-578c-4380-9603-0da39d43be87}</UniqueIdentifier>
    </Filter>
    <Filter Include="Resource Files\Meshes">
      <UniqueIdentifier>{ebdb721f-8d1c-4e93-a4ed-c61b44fa2264}</UniqueIdentifier>
    </Filter>
    <Filter Include="Resource Files\Meshes\Primitives">
      <UniqueIdentifier>{26d88939-af10-4ad8-b778-72887ab27b6e}</UniqueIdentifier>
    </Filter>
    <Filter Include="Source Files\Application">
      <UniqueIdentifier>{3e750814-40d6-46bc-b3e6-7a81b7102e63}</UniqueIdentifier>
    </Filter>
    <Filter Include="External Files\Eigen">
      <UniqueIdentifier>{a099d435-a265-4e32-b82a-8ba33bbb4b32}</UniqueIdentifier>
    </Filter>
    <Filter Include="External Files\Eigen\src">
      <UniqueIdentifier>{e9673355-d276-4d2d-ba2f-cf4a2d53648d}</UniqueIdentifier>
    </Filter>
    <Filter Include="Source Files\Include Helpers">
      <UniqueIdentifier>{daf148fe-9177-45de-b5ff-63924536a04b}</UniqueIdentifier>
    </Filter>
    <Filter Include="External Files\FMOD">
      <UniqueIdentifier>{3e250867-a513-4c74-8656-d0b87568a48e}</UniqueIdentifier>
    </Filter>
    <Filter Include="Source Files\Systems\Audio">
      <UniqueIdentifier>{64d5b3b3-408c-4e7d-a7e1-4428fe70d13c}</UniqueIdentifier>
    </Filter>
    <Filter Include="Source Files\Systems\User Interface">
      <UniqueIdentifier>{5f61aaa6-7e58-4fcc-8024-82143db13883}</UniqueIdentifier>
    </Filter>
    <Filter Include="Source Files\Systems\User Interface\UI Elements">
      <UniqueIdentifier>{1d951c6b-237a-415b-8c2c-89d9870752ae}</UniqueIdentifier>
    </Filter>
  </ItemGroup>
  <ItemGroup>
    <ClCompile Include="ext\GLAD\src\glad.c">
      <Filter>External Files\GLAD</Filter>
    </ClCompile>
    <ClCompile Include="ext\Dear-ImGui 1.89.2\imgui.cpp">
      <Filter>External Files\ImGui</Filter>
    </ClCompile>
    <ClCompile Include="ext\Dear-ImGui 1.89.2\imgui_demo.cpp">
      <Filter>External Files\ImGui</Filter>
    </ClCompile>
    <ClCompile Include="ext\Dear-ImGui 1.89.2\imgui_draw.cpp">
      <Filter>External Files\ImGui</Filter>
    </ClCompile>
    <ClCompile Include="ext\Dear-ImGui 1.89.2\imgui_tables.cpp">
      <Filter>External Files\ImGui</Filter>
    </ClCompile>
    <ClCompile Include="ext\Dear-ImGui 1.89.2\imgui_widgets.cpp">
      <Filter>External Files\ImGui</Filter>
    </ClCompile>
    <ClCompile Include="ext\Dear-ImGui 1.89.2\backends\imgui_impl_glfw.cpp">
      <Filter>External Files\ImGui\Backends</Filter>
    </ClCompile>
    <ClCompile Include="ext\Dear-ImGui 1.89.2\backends\imgui_impl_opengl3.cpp">
      <Filter>External Files\ImGui\Backends</Filter>
    </ClCompile>
    <ClCompile Include="src\Material.cpp">
      <Filter>Source Files\AssetTypes\Material</Filter>
    </ClCompile>
    <ClCompile Include="src\Renderer.cpp">
      <Filter>Source Files\Systems\Rendering</Filter>
    </ClCompile>
    <ClCompile Include="src\RenderBatch.cpp">
      <Filter>Source Files\Systems\Rendering</Filter>
    </ClCompile>
    <ClCompile Include="src\Texture.cpp">
      <Filter>Source Files\AssetTypes\Texture</Filter>
    </ClCompile>
    <ClCompile Include="src\Entity.cpp">
      <Filter>Source Files\Systems\EntitySystem</Filter>
    </ClCompile>
    <ClCompile Include="src\TestComponent.cpp">
      <Filter>Source Files\Systems\EntitySystem</Filter>
    </ClCompile>
    <ClCompile Include="src\EntityPool.cpp">
      <Filter>Source Files\Systems\Memory Management</Filter>
    </ClCompile>
    <ClCompile Include="src\EntityFactory.cpp">
      <Filter>Source Files\Systems\Memory Management</Filter>
    </ClCompile>
    <ClCompile Include="src\TimeManager.cpp">
      <Filter>Source Files\Systems\Time Management</Filter>
    </ClCompile>
    <ClCompile Include="src\ComponentFactory.cpp">
      <Filter>Source Files\Systems\Memory Management</Filter>
    </ClCompile>
    <ClCompile Include="src\MeshLibrary.cpp">
      <Filter>Source Files</Filter>
    </ClCompile>
    <ClCompile Include="src\ShaderLibrary.cpp">
      <Filter>Source Files</Filter>
    </ClCompile>
    <ClCompile Include="src\TextureLibrary.cpp">
      <Filter>Source Files</Filter>
    </ClCompile>
    <ClCompile Include="src\Light.cpp">
      <Filter>Source Files\Systems\Rendering</Filter>
    </ClCompile>
    <ClCompile Include="src\UniformBuffer.cpp">
      <Filter>Source Files\AssetTypes\Material</Filter>
    </ClCompile>
    <ClCompile Include="src\LoggingSystem.cpp">
      <Filter>Source Files\Systems\Logging System</Filter>
    </ClCompile>
    <ClCompile Include="ext\easyloggingpp-9.97.0\easyloggingpp-9.97.0\src\easylogging++.cpp">
      <Filter>External Files\easylogging</Filter>
    </ClCompile>
    <ClCompile Include="src\MaterialLibrary.cpp">
      <Filter>Source Files\Systems\Resource Management\Material</Filter>
    </ClCompile>
    <ClCompile Include="src\MeshLibrary.cpp">
      <Filter>Source Files\Systems\Resource Management\Mesh</Filter>
    </ClCompile>
    <ClCompile Include="src\ShaderLibrary.cpp">
      <Filter>Source Files\Systems\Resource Management\Shader</Filter>
    </ClCompile>
    <ClCompile Include="src\TextureLibrary.cpp">
      <Filter>Source Files\Systems\Resource Management\Texture</Filter>
    </ClCompile>
    <ClCompile Include="src\ButtonEvents.h">
      <Filter>Source Files\Systems\Input System</Filter>
    </ClCompile>
    <ClCompile Include="src\ButtonHandler.cpp">
      <Filter>Source Files\Systems\Input System</Filter>
    </ClCompile>
    <ClCompile Include="src\Framebuffer.cpp">
      <Filter>Source Files\Systems\Rendering</Filter>
    </ClCompile>
    <ClCompile Include="src\Scene.cpp">
      <Filter>Source Files\Systems\EntitySystem</Filter>
    </ClCompile>
    <ClCompile Include="src\Mesh.cpp">
      <Filter>Source Files\AssetTypes\Mesh</Filter>
    </ClCompile>
    <ClCompile Include="src\Shader.cpp">
      <Filter>Source Files\AssetTypes\Shader</Filter>
    </ClCompile>
    <ClCompile Include="src\Component.cpp">
      <Filter>Source Files\Systems\EntitySystem</Filter>
    </ClCompile>
    <ClCompile Include="src\TransformComponent.cpp">
      <Filter>Source Files\Systems\EntitySystem\Components</Filter>
    </ClCompile>
    <ClCompile Include="src\PhysicsWorld.cpp">
      <Filter>Source Files\Systems\Physics</Filter>
    </ClCompile>
    <ClCompile Include="src\JsonHelpers.cpp">
      <Filter>Source Files\Systems\Helpers</Filter>
    </ClCompile>
    <ClCompile Include="src\MeshRendererComponent.cpp">
      <Filter>Source Files\Systems\EntitySystem\Components</Filter>
    </ClCompile>
    <ClCompile Include="src\RigidbodyComponent.cpp">
      <Filter>Source Files</Filter>
    </ClCompile>
    <ClCompile Include="src\CameraComponent.cpp">
      <Filter>Source Files\Systems\EntitySystem\Components</Filter>
    </ClCompile>
    <ClCompile Include="src\BoxColliderComponent.cpp">
      <Filter>Source Files\Systems\EntitySystem\Components</Filter>
    </ClCompile>
    <ClCompile Include="src\CollisionComponent.cpp">
      <Filter>Source Files\Systems\EntitySystem\Components</Filter>
    </ClCompile>
    <ClCompile Include="src\PhysicsHelpers.cpp">
      <Filter>Source Files\Systems\Physics</Filter>
    </ClCompile>
    <ClCompile Include="src\InputManager.cpp">
      <Filter>Source Files\Systems\Input System</Filter>
    </ClCompile>
    <ClCompile Include="src\RigidbodyComponent.cpp">
      <Filter>Source Files\Systems\EntitySystem\Components</Filter>
    </ClCompile>
    <ClCompile Include="src\App.cpp">
      <Filter>Source Files\Application</Filter>
    </ClCompile>
    <ClCompile Include="src\Context.cpp">
      <Filter>Source Files\Application</Filter>
    </ClCompile>
    <ClCompile Include="src\InputComponent.cpp">
      <Filter>Source Files\Systems\EntitySystem\Components</Filter>
    </ClCompile>
    <ClCompile Include="src\Transform.cpp">
      <Filter>Source Files\AssetTypes\Mesh</Filter>
    </ClCompile>
    <ClCompile Include="src\AudioEngine.cpp">
      <Filter>Source Files\Systems\Audio</Filter>
    </ClCompile>
    <ClCompile Include="src\ExamplePlayerController.cpp">
      <Filter>Source Files\Systems\EntitySystem\Components</Filter>
    </ClCompile>
    <ClCompile Include="src\AudioEmitter.cpp">
      <Filter>Source Files\Systems\EntitySystem\Components</Filter>
    </ClCompile>
    <ClCompile Include="src\AudioListener.cpp">
      <Filter>Source Files\Systems\EntitySystem\Components</Filter>
    </ClCompile>
    <ClCompile Include="src\CollisionCallbackManager.cpp">
      <Filter>Source Files\Systems\Physics</Filter>
    </ClCompile>
    <ClCompile Include="src\ButtonElement.cpp">
      <Filter>Source Files\Systems\User Interface\UI Elements</Filter>
    </ClCompile>
    <ClCompile Include="src\TextElement.cpp">
      <Filter>Source Files\Systems\User Interface\UI Elements</Filter>
    </ClCompile>
    <ClCompile Include="src\ShapeElement.cpp">
      <Filter>Source Files\Systems\User Interface\UI Elements</Filter>
    </ClCompile>
    <ClCompile Include="src\UISystem.cpp">
      <Filter>Source Files\Systems\User Interface</Filter>
    </ClCompile>
    <ClCompile Include="src\ImageLoader.cpp">
      <Filter>Source Files\Systems\User Interface</Filter>
    </ClCompile>
    <ClCompile Include="src\UIElement.cpp">
      <Filter>Source Files\Systems\User Interface</Filter>
    </ClCompile>
    <ClCompile Include="src\UIComponent.cpp">
      <Filter>Source Files\Systems\EntitySystem\Components</Filter>
    </ClCompile>
  </ItemGroup>
  <ItemGroup>
    <ClInclude Include="ext\Dear-ImGui 1.89.2\backends\imgui_impl_glfw.h">
      <Filter>External Files\ImGui\Backends</Filter>
    </ClInclude>
    <ClInclude Include="ext\Dear-ImGui 1.89.2\backends\imgui_impl_opengl3.h">
      <Filter>External Files\ImGui\Backends</Filter>
    </ClInclude>
    <ClInclude Include="ext\Dear-ImGui 1.89.2\backends\imgui_impl_opengl3_loader.h">
      <Filter>External Files\ImGui\Backends</Filter>
    </ClInclude>
    <ClInclude Include="ext\Dear-ImGui 1.89.2\imconfig.h">
      <Filter>External Files\ImGui</Filter>
    </ClInclude>
    <ClInclude Include="ext\Dear-ImGui 1.89.2\imgui.h">
      <Filter>External Files\ImGui</Filter>
    </ClInclude>
    <ClInclude Include="ext\Dear-ImGui 1.89.2\imgui_internal.h">
      <Filter>External Files\ImGui</Filter>
    </ClInclude>
    <ClInclude Include="ext\Dear-ImGui 1.89.2\imstb_rectpack.h">
      <Filter>External Files\ImGui</Filter>
    </ClInclude>
    <ClInclude Include="ext\Dear-ImGui 1.89.2\imstb_textedit.h">
      <Filter>External Files\ImGui</Filter>
    </ClInclude>
    <ClInclude Include="ext\Dear-ImGui 1.89.2\imstb_truetype.h">
      <Filter>External Files\ImGui</Filter>
    </ClInclude>
    <ClInclude Include="ext\GLAD\include\glad\glad.h">
      <Filter>External Files\GLAD</Filter>
    </ClInclude>
    <ClInclude Include="ext\GLAD\include\KHR\khrplatform.h">
      <Filter>External Files\GLAD</Filter>
    </ClInclude>
    <ClInclude Include="src\UniformData.h">
      <Filter>Source Files\AssetTypes\Material</Filter>
    </ClInclude>
    <ClInclude Include="src\Material.h">
      <Filter>Source Files\AssetTypes\Material</Filter>
    </ClInclude>
    <ClInclude Include="src\Mesh.h">
      <Filter>Source Files\AssetTypes\Mesh</Filter>
    </ClInclude>
    <ClInclude Include="src\Shader.h">
      <Filter>Source Files\AssetTypes\Shader</Filter>
    </ClInclude>
    <ClInclude Include="src\Texture.h">
      <Filter>Source Files\AssetTypes\Texture</Filter>
    </ClInclude>
    <ClInclude Include="src\RenderBatch.h">
      <Filter>Source Files\Systems\Rendering</Filter>
    </ClInclude>
    <ClInclude Include="src\Renderer.h">
      <Filter>Source Files\Systems\Rendering</Filter>
    </ClInclude>
    <ClInclude Include="ext\nlohmann\json_fwd.hpp">
      <Filter>External Files\nlohmann</Filter>
    </ClInclude>
    <ClInclude Include="ext\nlohmann\json.hpp">
      <Filter>External Files\nlohmann</Filter>
    </ClInclude>
    <ClInclude Include="src\Component.h">
      <Filter>Source Files\Systems\EntitySystem</Filter>
    </ClInclude>
    <ClInclude Include="src\Entity.h">
      <Filter>Source Files\Systems\EntitySystem</Filter>
    </ClInclude>
    <ClInclude Include="src\TestComponent.h">
      <Filter>Source Files\Systems\EntitySystem</Filter>
    </ClInclude>
    <ClInclude Include="src\Light.h">
      <Filter>Source Files\Systems\Rendering</Filter>
    </ClInclude>
    <ClInclude Include="src\EntityFactory.h">
      <Filter>Source Files\Systems\Memory Management</Filter>
    </ClInclude>
    <ClInclude Include="src\EntityPool.h">
      <Filter>Source Files\Systems\Memory Management</Filter>
    </ClInclude>
    <ClInclude Include="src\TimeManager.h">
      <Filter>Source Files\Systems\Time Management</Filter>
    </ClInclude>
    <ClInclude Include="src\ComponentFactory.h">
      <Filter>Source Files\Systems\Memory Management</Filter>
    </ClInclude>
    <ClInclude Include="src\MeshEnum.h">
      <Filter>External Files</Filter>
    </ClInclude>
    <ClInclude Include="src\ShaderEnum.h">
      <Filter>External Files</Filter>
    </ClInclude>
    <ClInclude Include="src\ShaderLibrary.h">
      <Filter>External Files</Filter>
    </ClInclude>
    <ClInclude Include="src\TextureEnum.h">
      <Filter>External Files</Filter>
    </ClInclude>
    <ClInclude Include="src\TextureLibrary.h">
      <Filter>External Files</Filter>
    </ClInclude>
    <ClInclude Include="src\UniformBuffer.h">
      <Filter>Source Files\AssetTypes\Material</Filter>
    </ClInclude>
    <ClInclude Include="src\LoggingSystem.h">
      <Filter>Source Files\Systems\Logging System</Filter>
    </ClInclude>
    <ClInclude Include="ext\easyloggingpp-9.97.0\easyloggingpp-9.97.0\src\easylogging++.h">
      <Filter>External Files\easylogging</Filter>
    </ClInclude>
    <ClInclude Include="src\MaterialEnum.h">
      <Filter>Source Files\Systems\Resource Management\Material</Filter>
    </ClInclude>
    <ClInclude Include="src\MaterialLibrary.h">
      <Filter>Source Files\Systems\Resource Management\Material</Filter>
    </ClInclude>
    <ClInclude Include="src\MeshEnum.h">
      <Filter>Source Files\Systems\Resource Management\Mesh</Filter>
    </ClInclude>
    <ClInclude Include="src\MeshLibrary.h">
      <Filter>Source Files\Systems\Resource Management\Mesh</Filter>
    </ClInclude>
    <ClInclude Include="src\ShaderEnum.h">
      <Filter>Source Files\Systems\Resource Management\Shader</Filter>
    </ClInclude>
    <ClInclude Include="src\ShaderLibrary.h">
      <Filter>Source Files\Systems\Resource Management\Shader</Filter>
    </ClInclude>
    <ClInclude Include="src\TextureEnum.h">
      <Filter>Source Files\Systems\Resource Management\Texture</Filter>
    </ClInclude>
    <ClInclude Include="src\TextureLibrary.h">
      <Filter>Source Files\Systems\Resource Management\Texture</Filter>
    </ClInclude>
    <ClInclude Include="src\InputManager.h">
      <Filter>Source Files\Systems\Input System</Filter>
    </ClInclude>
    <ClInclude Include="src\ButtonHandler.h">
      <Filter>Source Files\Systems\Input System</Filter>
    </ClInclude>
    <ClInclude Include="src\Input.h">
      <Filter>Source Files\Systems\Input System</Filter>
    </ClInclude>
    <ClInclude Include="src\InputSubReceipt.h">
      <Filter>Source Files\Systems\Input System</Filter>
    </ClInclude>
    <ClInclude Include="src\FrameBuffer.h">
      <Filter>Source Files\Systems\Rendering</Filter>
    </ClInclude>
    <ClInclude Include="src\Scene.h">
      <Filter>Source Files\Systems\EntitySystem</Filter>
    </ClInclude>
    <ClInclude Include="src\ComponentState.h">
      <Filter>Source Files\Systems\EntitySystem</Filter>
    </ClInclude>
    <ClInclude Include="src\TransformComponent.h">
      <Filter>Source Files\Systems\EntitySystem\Components</Filter>
    </ClInclude>
    <ClInclude Include="src\RigidbodyComponent.h">
      <Filter>Source Files\Systems\EntitySystem\Components</Filter>
    </ClInclude>
    <ClInclude Include="src\PhysicsWorld.h">
      <Filter>Source Files\Systems\Physics</Filter>
    </ClInclude>
    <ClInclude Include="src\Keys.h">
      <Filter>Source Files\Systems\Input System\Input Sets</Filter>
    </ClInclude>
    <ClInclude Include="src\GamepadButtons.h">
      <Filter>Source Files\Systems\Input System\Input Sets</Filter>
    </ClInclude>
    <ClInclude Include="src\InputSetRanges.h">
      <Filter>Source Files\Systems\Input System\Input Sets</Filter>
    </ClInclude>
    <ClInclude Include="src\MouseButtons.h">
      <Filter>Source Files\Systems\Input System\Input Sets</Filter>
    </ClInclude>
    <ClInclude Include="src\MouseState.h">
      <Filter>Source Files\Systems\Input System</Filter>
    </ClInclude>
    <ClInclude Include="src\GamepadAxes.h">
      <Filter>Source Files\Systems\Input System\Input Sets</Filter>
    </ClInclude>
    <ClInclude Include="src\JsonHelpers.h">
      <Filter>Source Files\Systems\Helpers</Filter>
    </ClInclude>
    <ClInclude Include="src\MeshRendererComponent.h">
      <Filter>Source Files\Systems\EntitySystem\Components</Filter>
    </ClInclude>
    <ClInclude Include="src\Transform.h">
      <Filter>Source Files\AssetTypes\Mesh</Filter>
    </ClInclude>
    <ClInclude Include="src\CameraComponent.h">
      <Filter>Source Files\Systems\EntitySystem\Components</Filter>
    </ClInclude>
    <ClInclude Include="src\PerspectiveCamera.h">
      <Filter>Source Files\Systems\EntitySystem\Components</Filter>
    </ClInclude>
    <ClInclude Include="src\OrthographicCamera.h">
      <Filter>Source Files\Systems\EntitySystem\Components</Filter>
    </ClInclude>
    <ClInclude Include="src\CollisionComponent.h">
      <Filter>Source Files\Systems\EntitySystem\Components</Filter>
    </ClInclude>
    <ClInclude Include="src\PhysicsHelpers.h">
      <Filter>Source Files\Systems\Physics</Filter>
    </ClInclude>
    <ClInclude Include="src\ColliderTypes.h">
      <Filter>Source Files\Systems\Physics</Filter>
    </ClInclude>
    <ClInclude Include="src\CreateCollisionShapeInfo.h">
      <Filter>Source Files\Systems\Physics</Filter>
    </ClInclude>
    <ClInclude Include="src\BoxColliderComponent.h">
      <Filter>Source Files\Systems\EntitySystem\Components</Filter>
    </ClInclude>
    <ClInclude Include="src\RaycastHitInfo.h">
      <Filter>Source Files\Systems\Physics</Filter>
    </ClInclude>
    <ClInclude Include="src\App.h">
      <Filter>Source Files\Application</Filter>
    </ClInclude>
    <ClInclude Include="src\Instance.h">
      <Filter>Source Files\Application</Filter>
    </ClInclude>
    <ClInclude Include="src\Context.h">
      <Filter>Source Files\Application</Filter>
    </ClInclude>
    <ClInclude Include="src\AppAttorney.h">
      <Filter>Source Files\Application</Filter>
    </ClInclude>
    <ClInclude Include="src\GLinclude.h">
      <Filter>Source Files\Include Helpers</Filter>
    </ClInclude>
    <ClInclude Include="ext\Eigen 3.4.0\Eigen\Cholesky.h">
      <Filter>External Files\Eigen</Filter>
    </ClInclude>
    <ClInclude Include="ext\Eigen 3.4.0\Eigen\CholmodSupport.h">
      <Filter>External Files\Eigen</Filter>
    </ClInclude>
    <ClInclude Include="ext\Eigen 3.4.0\Eigen\Core.h">
      <Filter>External Files\Eigen</Filter>
    </ClInclude>
    <ClInclude Include="ext\Eigen 3.4.0\Eigen\Dense.h">
      <Filter>External Files\Eigen</Filter>
    </ClInclude>
    <ClInclude Include="ext\Eigen 3.4.0\Eigen\Eigen.h">
      <Filter>External Files\Eigen</Filter>
    </ClInclude>
    <ClInclude Include="ext\Eigen 3.4.0\Eigen\Eigenvalues.h">
      <Filter>External Files\Eigen</Filter>
    </ClInclude>
    <ClInclude Include="ext\Eigen 3.4.0\Eigen\Geometry.h">
      <Filter>External Files\Eigen</Filter>
    </ClInclude>
    <ClInclude Include="ext\Eigen 3.4.0\Eigen\Householder.h">
      <Filter>External Files\Eigen</Filter>
    </ClInclude>
    <ClInclude Include="ext\Eigen 3.4.0\Eigen\IterativeLinearSolvers.h">
      <Filter>External Files\Eigen</Filter>
    </ClInclude>
    <ClInclude Include="ext\Eigen 3.4.0\Eigen\Jacobi.h">
      <Filter>External Files\Eigen</Filter>
    </ClInclude>
    <ClInclude Include="ext\Eigen 3.4.0\Eigen\KLUSupport.h">
      <Filter>External Files\Eigen</Filter>
    </ClInclude>
    <ClInclude Include="ext\Eigen 3.4.0\Eigen\LU.h">
      <Filter>External Files\Eigen</Filter>
    </ClInclude>
    <ClInclude Include="ext\Eigen 3.4.0\Eigen\MetisSupport.h">
      <Filter>External Files\Eigen</Filter>
    </ClInclude>
    <ClInclude Include="ext\Eigen 3.4.0\Eigen\OrderingMethods.h">
      <Filter>External Files\Eigen</Filter>
    </ClInclude>
    <ClInclude Include="ext\Eigen 3.4.0\Eigen\PardisoSupport.h">
      <Filter>External Files\Eigen</Filter>
    </ClInclude>
    <ClInclude Include="ext\Eigen 3.4.0\Eigen\PaStiXSupport.h">
      <Filter>External Files\Eigen</Filter>
    </ClInclude>
    <ClInclude Include="ext\Eigen 3.4.0\Eigen\QR.h">
      <Filter>External Files\Eigen</Filter>
    </ClInclude>
    <ClInclude Include="ext\Eigen 3.4.0\Eigen\QtAlignedMalloc.h">
      <Filter>External Files\Eigen</Filter>
    </ClInclude>
    <ClInclude Include="ext\Eigen 3.4.0\Eigen\Sparse.h">
      <Filter>External Files\Eigen</Filter>
    </ClInclude>
    <ClInclude Include="ext\Eigen 3.4.0\Eigen\SparseCholesky.h">
      <Filter>External Files\Eigen</Filter>
    </ClInclude>
    <ClInclude Include="ext\Eigen 3.4.0\Eigen\SparseCore.h">
      <Filter>External Files\Eigen</Filter>
    </ClInclude>
    <ClInclude Include="ext\Eigen 3.4.0\Eigen\SparseLU.h">
      <Filter>External Files\Eigen</Filter>
    </ClInclude>
    <ClInclude Include="ext\Eigen 3.4.0\Eigen\SparseQR.h">
      <Filter>External Files\Eigen</Filter>
    </ClInclude>
    <ClInclude Include="ext\Eigen 3.4.0\Eigen\SPQRSupport.h">
      <Filter>External Files\Eigen</Filter>
    </ClInclude>
    <ClInclude Include="ext\Eigen 3.4.0\Eigen\StdDeque.h">
      <Filter>External Files\Eigen</Filter>
    </ClInclude>
    <ClInclude Include="ext\Eigen 3.4.0\Eigen\StdList.h">
      <Filter>External Files\Eigen</Filter>
    </ClInclude>
    <ClInclude Include="ext\Eigen 3.4.0\Eigen\StdVector.h">
      <Filter>External Files\Eigen</Filter>
    </ClInclude>
    <ClInclude Include="ext\Eigen 3.4.0\Eigen\SuperLUSupport.h">
      <Filter>External Files\Eigen</Filter>
    </ClInclude>
    <ClInclude Include="ext\Eigen 3.4.0\Eigen\SVD.h">
      <Filter>External Files\Eigen</Filter>
    </ClInclude>
    <ClInclude Include="ext\Eigen 3.4.0\Eigen\UmfPackSupport.h">
      <Filter>External Files\Eigen</Filter>
    </ClInclude>
    <ClInclude Include="ext\Eigen 3.4.0\Eigen\src\Cholesky\LDLT.h">
      <Filter>External Files\Eigen\src</Filter>
    </ClInclude>
    <ClInclude Include="ext\Eigen 3.4.0\Eigen\src\Cholesky\LLT.h">
      <Filter>External Files\Eigen\src</Filter>
    </ClInclude>
    <ClInclude Include="ext\Eigen 3.4.0\Eigen\src\Cholesky\LLT_LAPACKE.h">
      <Filter>External Files\Eigen\src</Filter>
    </ClInclude>
    <ClInclude Include="ext\Eigen 3.4.0\Eigen\src\CholmodSupport\CholmodSupport.h">
      <Filter>External Files\Eigen\src</Filter>
    </ClInclude>
    <ClInclude Include="ext\Eigen 3.4.0\Eigen\src\Core\arch\AltiVec\Complex.h">
      <Filter>External Files\Eigen\src</Filter>
    </ClInclude>
    <ClInclude Include="ext\Eigen 3.4.0\Eigen\src\Core\arch\AltiVec\MathFunctions.h">
      <Filter>External Files\Eigen\src</Filter>
    </ClInclude>
    <ClInclude Include="ext\Eigen 3.4.0\Eigen\src\Core\arch\AltiVec\MatrixProduct.h">
      <Filter>External Files\Eigen\src</Filter>
    </ClInclude>
    <ClInclude Include="ext\Eigen 3.4.0\Eigen\src\Core\arch\AltiVec\MatrixProductCommon.h">
      <Filter>External Files\Eigen\src</Filter>
    </ClInclude>
    <ClInclude Include="ext\Eigen 3.4.0\Eigen\src\Core\arch\AltiVec\MatrixProductMMA.h">
      <Filter>External Files\Eigen\src</Filter>
    </ClInclude>
    <ClInclude Include="ext\Eigen 3.4.0\Eigen\src\Core\arch\AltiVec\PacketMath.h">
      <Filter>External Files\Eigen\src</Filter>
    </ClInclude>
    <ClInclude Include="ext\Eigen 3.4.0\Eigen\src\Core\arch\AVX\Complex.h">
      <Filter>External Files\Eigen\src</Filter>
    </ClInclude>
    <ClInclude Include="ext\Eigen 3.4.0\Eigen\src\Core\arch\AVX\MathFunctions.h">
      <Filter>External Files\Eigen\src</Filter>
    </ClInclude>
    <ClInclude Include="ext\Eigen 3.4.0\Eigen\src\Core\arch\AVX\PacketMath.h">
      <Filter>External Files\Eigen\src</Filter>
    </ClInclude>
    <ClInclude Include="ext\Eigen 3.4.0\Eigen\src\Core\arch\AVX\TypeCasting.h">
      <Filter>External Files\Eigen\src</Filter>
    </ClInclude>
    <ClInclude Include="ext\Eigen 3.4.0\Eigen\src\Core\arch\AVX512\Complex.h">
      <Filter>External Files\Eigen\src</Filter>
    </ClInclude>
    <ClInclude Include="ext\Eigen 3.4.0\Eigen\src\Core\arch\AVX512\MathFunctions.h">
      <Filter>External Files\Eigen\src</Filter>
    </ClInclude>
    <ClInclude Include="ext\Eigen 3.4.0\Eigen\src\Core\arch\AVX512\PacketMath.h">
      <Filter>External Files\Eigen\src</Filter>
    </ClInclude>
    <ClInclude Include="ext\Eigen 3.4.0\Eigen\src\Core\arch\AVX512\TypeCasting.h">
      <Filter>External Files\Eigen\src</Filter>
    </ClInclude>
    <ClInclude Include="ext\Eigen 3.4.0\Eigen\src\Core\arch\CUDA\Complex.h">
      <Filter>External Files\Eigen\src</Filter>
    </ClInclude>
    <ClInclude Include="ext\Eigen 3.4.0\Eigen\src\Core\arch\Default\BFloat16.h">
      <Filter>External Files\Eigen\src</Filter>
    </ClInclude>
    <ClInclude Include="ext\Eigen 3.4.0\Eigen\src\Core\arch\Default\ConjHelper.h">
      <Filter>External Files\Eigen\src</Filter>
    </ClInclude>
    <ClInclude Include="ext\Eigen 3.4.0\Eigen\src\Core\arch\Default\GenericPacketMathFunctions.h">
      <Filter>External Files\Eigen\src</Filter>
    </ClInclude>
    <ClInclude Include="ext\Eigen 3.4.0\Eigen\src\Core\arch\Default\GenericPacketMathFunctionsFwd.h">
      <Filter>External Files\Eigen\src</Filter>
    </ClInclude>
    <ClInclude Include="ext\Eigen 3.4.0\Eigen\src\Core\arch\Default\Half.h">
      <Filter>External Files\Eigen\src</Filter>
    </ClInclude>
    <ClInclude Include="ext\Eigen 3.4.0\Eigen\src\Core\arch\Default\Settings.h">
      <Filter>External Files\Eigen\src</Filter>
    </ClInclude>
    <ClInclude Include="ext\Eigen 3.4.0\Eigen\src\Core\arch\Default\TypeCasting.h">
      <Filter>External Files\Eigen\src</Filter>
    </ClInclude>
    <ClInclude Include="ext\Eigen 3.4.0\Eigen\src\Core\arch\GPU\MathFunctions.h">
      <Filter>External Files\Eigen\src</Filter>
    </ClInclude>
    <ClInclude Include="ext\Eigen 3.4.0\Eigen\src\Core\arch\GPU\PacketMath.h">
      <Filter>External Files\Eigen\src</Filter>
    </ClInclude>
    <ClInclude Include="ext\Eigen 3.4.0\Eigen\src\Core\arch\GPU\TypeCasting.h">
      <Filter>External Files\Eigen\src</Filter>
    </ClInclude>
    <ClInclude Include="ext\Eigen 3.4.0\Eigen\src\Core\arch\HIP\hcc\math_constants.h">
      <Filter>External Files\Eigen\src</Filter>
    </ClInclude>
    <ClInclude Include="ext\Eigen 3.4.0\Eigen\src\Core\arch\MSA\Complex.h">
      <Filter>External Files\Eigen\src</Filter>
    </ClInclude>
    <ClInclude Include="ext\Eigen 3.4.0\Eigen\src\Core\arch\MSA\MathFunctions.h">
      <Filter>External Files\Eigen\src</Filter>
    </ClInclude>
    <ClInclude Include="ext\Eigen 3.4.0\Eigen\src\Core\arch\MSA\PacketMath.h">
      <Filter>External Files\Eigen\src</Filter>
    </ClInclude>
    <ClInclude Include="ext\Eigen 3.4.0\Eigen\src\Core\arch\NEON\Complex.h">
      <Filter>External Files\Eigen\src</Filter>
    </ClInclude>
    <ClInclude Include="ext\Eigen 3.4.0\Eigen\src\Core\arch\NEON\GeneralBlockPanelKernel.h">
      <Filter>External Files\Eigen\src</Filter>
    </ClInclude>
    <ClInclude Include="ext\Eigen 3.4.0\Eigen\src\Core\arch\NEON\MathFunctions.h">
      <Filter>External Files\Eigen\src</Filter>
    </ClInclude>
    <ClInclude Include="ext\Eigen 3.4.0\Eigen\src\Core\arch\NEON\PacketMath.h">
      <Filter>External Files\Eigen\src</Filter>
    </ClInclude>
    <ClInclude Include="ext\Eigen 3.4.0\Eigen\src\Core\arch\NEON\TypeCasting.h">
      <Filter>External Files\Eigen\src</Filter>
    </ClInclude>
    <ClInclude Include="ext\Eigen 3.4.0\Eigen\src\Core\arch\SSE\Complex.h">
      <Filter>External Files\Eigen\src</Filter>
    </ClInclude>
    <ClInclude Include="ext\Eigen 3.4.0\Eigen\src\Core\arch\SSE\MathFunctions.h">
      <Filter>External Files\Eigen\src</Filter>
    </ClInclude>
    <ClInclude Include="ext\Eigen 3.4.0\Eigen\src\Core\arch\SSE\PacketMath.h">
      <Filter>External Files\Eigen\src</Filter>
    </ClInclude>
    <ClInclude Include="ext\Eigen 3.4.0\Eigen\src\Core\arch\SSE\TypeCasting.h">
      <Filter>External Files\Eigen\src</Filter>
    </ClInclude>
    <ClInclude Include="ext\Eigen 3.4.0\Eigen\src\Core\arch\SVE\MathFunctions.h">
      <Filter>External Files\Eigen\src</Filter>
    </ClInclude>
    <ClInclude Include="ext\Eigen 3.4.0\Eigen\src\Core\arch\SVE\PacketMath.h">
      <Filter>External Files\Eigen\src</Filter>
    </ClInclude>
    <ClInclude Include="ext\Eigen 3.4.0\Eigen\src\Core\arch\SVE\TypeCasting.h">
      <Filter>External Files\Eigen\src</Filter>
    </ClInclude>
    <ClInclude Include="ext\Eigen 3.4.0\Eigen\src\Core\arch\SYCL\InteropHeaders.h">
      <Filter>External Files\Eigen\src</Filter>
    </ClInclude>
    <ClInclude Include="ext\Eigen 3.4.0\Eigen\src\Core\arch\SYCL\MathFunctions.h">
      <Filter>External Files\Eigen\src</Filter>
    </ClInclude>
    <ClInclude Include="ext\Eigen 3.4.0\Eigen\src\Core\arch\SYCL\PacketMath.h">
      <Filter>External Files\Eigen\src</Filter>
    </ClInclude>
    <ClInclude Include="ext\Eigen 3.4.0\Eigen\src\Core\arch\SYCL\SyclMemoryModel.h">
      <Filter>External Files\Eigen\src</Filter>
    </ClInclude>
    <ClInclude Include="ext\Eigen 3.4.0\Eigen\src\Core\arch\SYCL\TypeCasting.h">
      <Filter>External Files\Eigen\src</Filter>
    </ClInclude>
    <ClInclude Include="ext\Eigen 3.4.0\Eigen\src\Core\arch\ZVector\Complex.h">
      <Filter>External Files\Eigen\src</Filter>
    </ClInclude>
    <ClInclude Include="ext\Eigen 3.4.0\Eigen\src\Core\arch\ZVector\MathFunctions.h">
      <Filter>External Files\Eigen\src</Filter>
    </ClInclude>
    <ClInclude Include="ext\Eigen 3.4.0\Eigen\src\Core\arch\ZVector\PacketMath.h">
      <Filter>External Files\Eigen\src</Filter>
    </ClInclude>
    <ClInclude Include="ext\Eigen 3.4.0\Eigen\src\Core\ArithmeticSequence.h">
      <Filter>External Files\Eigen\src</Filter>
    </ClInclude>
    <ClInclude Include="ext\Eigen 3.4.0\Eigen\src\Core\Array.h">
      <Filter>External Files\Eigen\src</Filter>
    </ClInclude>
    <ClInclude Include="ext\Eigen 3.4.0\Eigen\src\Core\ArrayBase.h">
      <Filter>External Files\Eigen\src</Filter>
    </ClInclude>
    <ClInclude Include="ext\Eigen 3.4.0\Eigen\src\Core\ArrayWrapper.h">
      <Filter>External Files\Eigen\src</Filter>
    </ClInclude>
    <ClInclude Include="ext\Eigen 3.4.0\Eigen\src\Core\Assign.h">
      <Filter>External Files\Eigen\src</Filter>
    </ClInclude>
    <ClInclude Include="ext\Eigen 3.4.0\Eigen\src\Core\AssignEvaluator.h">
      <Filter>External Files\Eigen\src</Filter>
    </ClInclude>
    <ClInclude Include="ext\Eigen 3.4.0\Eigen\src\Core\Assign_MKL.h">
      <Filter>External Files\Eigen\src</Filter>
    </ClInclude>
    <ClInclude Include="ext\Eigen 3.4.0\Eigen\src\Core\BandMatrix.h">
      <Filter>External Files\Eigen\src</Filter>
    </ClInclude>
    <ClInclude Include="ext\Eigen 3.4.0\Eigen\src\Core\Block.h">
      <Filter>External Files\Eigen\src</Filter>
    </ClInclude>
    <ClInclude Include="ext\Eigen 3.4.0\Eigen\src\Core\BooleanRedux.h">
      <Filter>External Files\Eigen\src</Filter>
    </ClInclude>
    <ClInclude Include="ext\Eigen 3.4.0\Eigen\src\Core\CommaInitializer.h">
      <Filter>External Files\Eigen\src</Filter>
    </ClInclude>
    <ClInclude Include="ext\Eigen 3.4.0\Eigen\src\Core\ConditionEstimator.h">
      <Filter>External Files\Eigen\src</Filter>
    </ClInclude>
    <ClInclude Include="ext\Eigen 3.4.0\Eigen\src\Core\CoreEvaluators.h">
      <Filter>External Files\Eigen\src</Filter>
    </ClInclude>
    <ClInclude Include="ext\Eigen 3.4.0\Eigen\src\Core\CoreIterators.h">
      <Filter>External Files\Eigen\src</Filter>
    </ClInclude>
    <ClInclude Include="ext\Eigen 3.4.0\Eigen\src\Core\CwiseBinaryOp.h">
      <Filter>External Files\Eigen\src</Filter>
    </ClInclude>
    <ClInclude Include="ext\Eigen 3.4.0\Eigen\src\Core\CwiseNullaryOp.h">
      <Filter>External Files\Eigen\src</Filter>
    </ClInclude>
    <ClInclude Include="ext\Eigen 3.4.0\Eigen\src\Core\CwiseTernaryOp.h">
      <Filter>External Files\Eigen\src</Filter>
    </ClInclude>
    <ClInclude Include="ext\Eigen 3.4.0\Eigen\src\Core\CwiseUnaryOp.h">
      <Filter>External Files\Eigen\src</Filter>
    </ClInclude>
    <ClInclude Include="ext\Eigen 3.4.0\Eigen\src\Core\CwiseUnaryView.h">
      <Filter>External Files\Eigen\src</Filter>
    </ClInclude>
    <ClInclude Include="ext\Eigen 3.4.0\Eigen\src\Core\DenseBase.h">
      <Filter>External Files\Eigen\src</Filter>
    </ClInclude>
    <ClInclude Include="ext\Eigen 3.4.0\Eigen\src\Core\DenseCoeffsBase.h">
      <Filter>External Files\Eigen\src</Filter>
    </ClInclude>
    <ClInclude Include="ext\Eigen 3.4.0\Eigen\src\Core\DenseStorage.h">
      <Filter>External Files\Eigen\src</Filter>
    </ClInclude>
    <ClInclude Include="ext\Eigen 3.4.0\Eigen\src\Core\Diagonal.h">
      <Filter>External Files\Eigen\src</Filter>
    </ClInclude>
    <ClInclude Include="ext\Eigen 3.4.0\Eigen\src\Core\DiagonalMatrix.h">
      <Filter>External Files\Eigen\src</Filter>
    </ClInclude>
    <ClInclude Include="ext\Eigen 3.4.0\Eigen\src\Core\DiagonalProduct.h">
      <Filter>External Files\Eigen\src</Filter>
    </ClInclude>
    <ClInclude Include="ext\Eigen 3.4.0\Eigen\src\Core\Dot.h">
      <Filter>External Files\Eigen\src</Filter>
    </ClInclude>
    <ClInclude Include="ext\Eigen 3.4.0\Eigen\src\Core\EigenBase.h">
      <Filter>External Files\Eigen\src</Filter>
    </ClInclude>
    <ClInclude Include="ext\Eigen 3.4.0\Eigen\src\Core\ForceAlignedAccess.h">
      <Filter>External Files\Eigen\src</Filter>
    </ClInclude>
    <ClInclude Include="ext\Eigen 3.4.0\Eigen\src\Core\functors\AssignmentFunctors.h">
      <Filter>External Files\Eigen\src</Filter>
    </ClInclude>
    <ClInclude Include="ext\Eigen 3.4.0\Eigen\src\Core\functors\BinaryFunctors.h">
      <Filter>External Files\Eigen\src</Filter>
    </ClInclude>
    <ClInclude Include="ext\Eigen 3.4.0\Eigen\src\Core\functors\NullaryFunctors.h">
      <Filter>External Files\Eigen\src</Filter>
    </ClInclude>
    <ClInclude Include="ext\Eigen 3.4.0\Eigen\src\Core\functors\StlFunctors.h">
      <Filter>External Files\Eigen\src</Filter>
    </ClInclude>
    <ClInclude Include="ext\Eigen 3.4.0\Eigen\src\Core\functors\TernaryFunctors.h">
      <Filter>External Files\Eigen\src</Filter>
    </ClInclude>
    <ClInclude Include="ext\Eigen 3.4.0\Eigen\src\Core\functors\UnaryFunctors.h">
      <Filter>External Files\Eigen\src</Filter>
    </ClInclude>
    <ClInclude Include="ext\Eigen 3.4.0\Eigen\src\Core\Fuzzy.h">
      <Filter>External Files\Eigen\src</Filter>
    </ClInclude>
    <ClInclude Include="ext\Eigen 3.4.0\Eigen\src\Core\GeneralProduct.h">
      <Filter>External Files\Eigen\src</Filter>
    </ClInclude>
    <ClInclude Include="ext\Eigen 3.4.0\Eigen\src\Core\GenericPacketMath.h">
      <Filter>External Files\Eigen\src</Filter>
    </ClInclude>
    <ClInclude Include="ext\Eigen 3.4.0\Eigen\src\Core\GlobalFunctions.h">
      <Filter>External Files\Eigen\src</Filter>
    </ClInclude>
    <ClInclude Include="ext\Eigen 3.4.0\Eigen\src\Core\IndexedView.h">
      <Filter>External Files\Eigen\src</Filter>
    </ClInclude>
    <ClInclude Include="ext\Eigen 3.4.0\Eigen\src\Core\Inverse.h">
      <Filter>External Files\Eigen\src</Filter>
    </ClInclude>
    <ClInclude Include="ext\Eigen 3.4.0\Eigen\src\Core\IO.h">
      <Filter>External Files\Eigen\src</Filter>
    </ClInclude>
    <ClInclude Include="ext\Eigen 3.4.0\Eigen\src\Core\Map.h">
      <Filter>External Files\Eigen\src</Filter>
    </ClInclude>
    <ClInclude Include="ext\Eigen 3.4.0\Eigen\src\Core\MapBase.h">
      <Filter>External Files\Eigen\src</Filter>
    </ClInclude>
    <ClInclude Include="ext\Eigen 3.4.0\Eigen\src\Core\MathFunctions.h">
      <Filter>External Files\Eigen\src</Filter>
    </ClInclude>
    <ClInclude Include="ext\Eigen 3.4.0\Eigen\src\Core\MathFunctionsImpl.h">
      <Filter>External Files\Eigen\src</Filter>
    </ClInclude>
    <ClInclude Include="ext\Eigen 3.4.0\Eigen\src\Core\Matrix.h">
      <Filter>External Files\Eigen\src</Filter>
    </ClInclude>
    <ClInclude Include="ext\Eigen 3.4.0\Eigen\src\Core\MatrixBase.h">
      <Filter>External Files\Eigen\src</Filter>
    </ClInclude>
    <ClInclude Include="ext\Eigen 3.4.0\Eigen\src\Core\NestByValue.h">
      <Filter>External Files\Eigen\src</Filter>
    </ClInclude>
    <ClInclude Include="ext\Eigen 3.4.0\Eigen\src\Core\NoAlias.h">
      <Filter>External Files\Eigen\src</Filter>
    </ClInclude>
    <ClInclude Include="ext\Eigen 3.4.0\Eigen\src\Core\NumTraits.h">
      <Filter>External Files\Eigen\src</Filter>
    </ClInclude>
    <ClInclude Include="ext\Eigen 3.4.0\Eigen\src\Core\PartialReduxEvaluator.h">
      <Filter>External Files\Eigen\src</Filter>
    </ClInclude>
    <ClInclude Include="ext\Eigen 3.4.0\Eigen\src\Core\PermutationMatrix.h">
      <Filter>External Files\Eigen\src</Filter>
    </ClInclude>
    <ClInclude Include="ext\Eigen 3.4.0\Eigen\src\Core\PlainObjectBase.h">
      <Filter>External Files\Eigen\src</Filter>
    </ClInclude>
    <ClInclude Include="ext\Eigen 3.4.0\Eigen\src\Core\Product.h">
      <Filter>External Files\Eigen\src</Filter>
    </ClInclude>
    <ClInclude Include="ext\Eigen 3.4.0\Eigen\src\Core\ProductEvaluators.h">
      <Filter>External Files\Eigen\src</Filter>
    </ClInclude>
    <ClInclude Include="ext\Eigen 3.4.0\Eigen\src\Core\products\GeneralBlockPanelKernel.h">
      <Filter>External Files\Eigen\src</Filter>
    </ClInclude>
    <ClInclude Include="ext\Eigen 3.4.0\Eigen\src\Core\products\GeneralMatrixMatrix.h">
      <Filter>External Files\Eigen\src</Filter>
    </ClInclude>
    <ClInclude Include="ext\Eigen 3.4.0\Eigen\src\Core\products\GeneralMatrixMatrixTriangular.h">
      <Filter>External Files\Eigen\src</Filter>
    </ClInclude>
    <ClInclude Include="ext\Eigen 3.4.0\Eigen\src\Core\products\GeneralMatrixMatrixTriangular_BLAS.h">
      <Filter>External Files\Eigen\src</Filter>
    </ClInclude>
    <ClInclude Include="ext\Eigen 3.4.0\Eigen\src\Core\products\GeneralMatrixMatrix_BLAS.h">
      <Filter>External Files\Eigen\src</Filter>
    </ClInclude>
    <ClInclude Include="ext\Eigen 3.4.0\Eigen\src\Core\products\GeneralMatrixVector.h">
      <Filter>External Files\Eigen\src</Filter>
    </ClInclude>
    <ClInclude Include="ext\Eigen 3.4.0\Eigen\src\Core\products\GeneralMatrixVector_BLAS.h">
      <Filter>External Files\Eigen\src</Filter>
    </ClInclude>
    <ClInclude Include="ext\Eigen 3.4.0\Eigen\src\Core\products\Parallelizer.h">
      <Filter>External Files\Eigen\src</Filter>
    </ClInclude>
    <ClInclude Include="ext\Eigen 3.4.0\Eigen\src\Core\products\SelfadjointMatrixMatrix.h">
      <Filter>External Files\Eigen\src</Filter>
    </ClInclude>
    <ClInclude Include="ext\Eigen 3.4.0\Eigen\src\Core\products\SelfadjointMatrixMatrix_BLAS.h">
      <Filter>External Files\Eigen\src</Filter>
    </ClInclude>
    <ClInclude Include="ext\Eigen 3.4.0\Eigen\src\Core\products\SelfadjointMatrixVector.h">
      <Filter>External Files\Eigen\src</Filter>
    </ClInclude>
    <ClInclude Include="ext\Eigen 3.4.0\Eigen\src\Core\products\SelfadjointMatrixVector_BLAS.h">
      <Filter>External Files\Eigen\src</Filter>
    </ClInclude>
    <ClInclude Include="ext\Eigen 3.4.0\Eigen\src\Core\products\SelfadjointProduct.h">
      <Filter>External Files\Eigen\src</Filter>
    </ClInclude>
    <ClInclude Include="ext\Eigen 3.4.0\Eigen\src\Core\products\SelfadjointRank2Update.h">
      <Filter>External Files\Eigen\src</Filter>
    </ClInclude>
    <ClInclude Include="ext\Eigen 3.4.0\Eigen\src\Core\products\TriangularMatrixMatrix.h">
      <Filter>External Files\Eigen\src</Filter>
    </ClInclude>
    <ClInclude Include="ext\Eigen 3.4.0\Eigen\src\Core\products\TriangularMatrixMatrix_BLAS.h">
      <Filter>External Files\Eigen\src</Filter>
    </ClInclude>
    <ClInclude Include="ext\Eigen 3.4.0\Eigen\src\Core\products\TriangularMatrixVector.h">
      <Filter>External Files\Eigen\src</Filter>
    </ClInclude>
    <ClInclude Include="ext\Eigen 3.4.0\Eigen\src\Core\products\TriangularMatrixVector_BLAS.h">
      <Filter>External Files\Eigen\src</Filter>
    </ClInclude>
    <ClInclude Include="ext\Eigen 3.4.0\Eigen\src\Core\products\TriangularSolverMatrix.h">
      <Filter>External Files\Eigen\src</Filter>
    </ClInclude>
    <ClInclude Include="ext\Eigen 3.4.0\Eigen\src\Core\products\TriangularSolverMatrix_BLAS.h">
      <Filter>External Files\Eigen\src</Filter>
    </ClInclude>
    <ClInclude Include="ext\Eigen 3.4.0\Eigen\src\Core\products\TriangularSolverVector.h">
      <Filter>External Files\Eigen\src</Filter>
    </ClInclude>
    <ClInclude Include="ext\Eigen 3.4.0\Eigen\src\Core\Random.h">
      <Filter>External Files\Eigen\src</Filter>
    </ClInclude>
    <ClInclude Include="ext\Eigen 3.4.0\Eigen\src\Core\Redux.h">
      <Filter>External Files\Eigen\src</Filter>
    </ClInclude>
    <ClInclude Include="ext\Eigen 3.4.0\Eigen\src\Core\Ref.h">
      <Filter>External Files\Eigen\src</Filter>
    </ClInclude>
    <ClInclude Include="ext\Eigen 3.4.0\Eigen\src\Core\Replicate.h">
      <Filter>External Files\Eigen\src</Filter>
    </ClInclude>
    <ClInclude Include="ext\Eigen 3.4.0\Eigen\src\Core\Reshaped.h">
      <Filter>External Files\Eigen\src</Filter>
    </ClInclude>
    <ClInclude Include="ext\Eigen 3.4.0\Eigen\src\Core\ReturnByValue.h">
      <Filter>External Files\Eigen\src</Filter>
    </ClInclude>
    <ClInclude Include="ext\Eigen 3.4.0\Eigen\src\Core\Reverse.h">
      <Filter>External Files\Eigen\src</Filter>
    </ClInclude>
    <ClInclude Include="ext\Eigen 3.4.0\Eigen\src\Core\Select.h">
      <Filter>External Files\Eigen\src</Filter>
    </ClInclude>
    <ClInclude Include="ext\Eigen 3.4.0\Eigen\src\Core\SelfAdjointView.h">
      <Filter>External Files\Eigen\src</Filter>
    </ClInclude>
    <ClInclude Include="ext\Eigen 3.4.0\Eigen\src\Core\SelfCwiseBinaryOp.h">
      <Filter>External Files\Eigen\src</Filter>
    </ClInclude>
    <ClInclude Include="ext\Eigen 3.4.0\Eigen\src\Core\Solve.h">
      <Filter>External Files\Eigen\src</Filter>
    </ClInclude>
    <ClInclude Include="ext\Eigen 3.4.0\Eigen\src\Core\SolverBase.h">
      <Filter>External Files\Eigen\src</Filter>
    </ClInclude>
    <ClInclude Include="ext\Eigen 3.4.0\Eigen\src\Core\SolveTriangular.h">
      <Filter>External Files\Eigen\src</Filter>
    </ClInclude>
    <ClInclude Include="ext\Eigen 3.4.0\Eigen\src\Core\StableNorm.h">
      <Filter>External Files\Eigen\src</Filter>
    </ClInclude>
    <ClInclude Include="ext\Eigen 3.4.0\Eigen\src\Core\StlIterators.h">
      <Filter>External Files\Eigen\src</Filter>
    </ClInclude>
    <ClInclude Include="ext\Eigen 3.4.0\Eigen\src\Core\Stride.h">
      <Filter>External Files\Eigen\src</Filter>
    </ClInclude>
    <ClInclude Include="ext\Eigen 3.4.0\Eigen\src\Core\Swap.h">
      <Filter>External Files\Eigen\src</Filter>
    </ClInclude>
    <ClInclude Include="ext\Eigen 3.4.0\Eigen\src\Core\Transpose.h">
      <Filter>External Files\Eigen\src</Filter>
    </ClInclude>
    <ClInclude Include="ext\Eigen 3.4.0\Eigen\src\Core\Transpositions.h">
      <Filter>External Files\Eigen\src</Filter>
    </ClInclude>
    <ClInclude Include="ext\Eigen 3.4.0\Eigen\src\Core\TriangularMatrix.h">
      <Filter>External Files\Eigen\src</Filter>
    </ClInclude>
    <ClInclude Include="ext\Eigen 3.4.0\Eigen\src\Core\util\BlasUtil.h">
      <Filter>External Files\Eigen\src</Filter>
    </ClInclude>
    <ClInclude Include="ext\Eigen 3.4.0\Eigen\src\Core\util\ConfigureVectorization.h">
      <Filter>External Files\Eigen\src</Filter>
    </ClInclude>
    <ClInclude Include="ext\Eigen 3.4.0\Eigen\src\Core\util\Constants.h">
      <Filter>External Files\Eigen\src</Filter>
    </ClInclude>
    <ClInclude Include="ext\Eigen 3.4.0\Eigen\src\Core\util\DisableStupidWarnings.h">
      <Filter>External Files\Eigen\src</Filter>
    </ClInclude>
    <ClInclude Include="ext\Eigen 3.4.0\Eigen\src\Core\util\ForwardDeclarations.h">
      <Filter>External Files\Eigen\src</Filter>
    </ClInclude>
    <ClInclude Include="ext\Eigen 3.4.0\Eigen\src\Core\util\IndexedViewHelper.h">
      <Filter>External Files\Eigen\src</Filter>
    </ClInclude>
    <ClInclude Include="ext\Eigen 3.4.0\Eigen\src\Core\util\IntegralConstant.h">
      <Filter>External Files\Eigen\src</Filter>
    </ClInclude>
    <ClInclude Include="ext\Eigen 3.4.0\Eigen\src\Core\util\Macros.h">
      <Filter>External Files\Eigen\src</Filter>
    </ClInclude>
    <ClInclude Include="ext\Eigen 3.4.0\Eigen\src\Core\util\Memory.h">
      <Filter>External Files\Eigen\src</Filter>
    </ClInclude>
    <ClInclude Include="ext\Eigen 3.4.0\Eigen\src\Core\util\Meta.h">
      <Filter>External Files\Eigen\src</Filter>
    </ClInclude>
    <ClInclude Include="ext\Eigen 3.4.0\Eigen\src\Core\util\MKL_support.h">
      <Filter>External Files\Eigen\src</Filter>
    </ClInclude>
    <ClInclude Include="ext\Eigen 3.4.0\Eigen\src\Core\util\NonMPL2.h">
      <Filter>External Files\Eigen\src</Filter>
    </ClInclude>
    <ClInclude Include="ext\Eigen 3.4.0\Eigen\src\Core\util\ReenableStupidWarnings.h">
      <Filter>External Files\Eigen\src</Filter>
    </ClInclude>
    <ClInclude Include="ext\Eigen 3.4.0\Eigen\src\Core\util\ReshapedHelper.h">
      <Filter>External Files\Eigen\src</Filter>
    </ClInclude>
    <ClInclude Include="ext\Eigen 3.4.0\Eigen\src\Core\util\StaticAssert.h">
      <Filter>External Files\Eigen\src</Filter>
    </ClInclude>
    <ClInclude Include="ext\Eigen 3.4.0\Eigen\src\Core\util\SymbolicIndex.h">
      <Filter>External Files\Eigen\src</Filter>
    </ClInclude>
    <ClInclude Include="ext\Eigen 3.4.0\Eigen\src\Core\util\XprHelper.h">
      <Filter>External Files\Eigen\src</Filter>
    </ClInclude>
    <ClInclude Include="ext\Eigen 3.4.0\Eigen\src\Core\VectorBlock.h">
      <Filter>External Files\Eigen\src</Filter>
    </ClInclude>
    <ClInclude Include="ext\Eigen 3.4.0\Eigen\src\Core\VectorwiseOp.h">
      <Filter>External Files\Eigen\src</Filter>
    </ClInclude>
    <ClInclude Include="ext\Eigen 3.4.0\Eigen\src\Core\Visitor.h">
      <Filter>External Files\Eigen\src</Filter>
    </ClInclude>
    <ClInclude Include="ext\Eigen 3.4.0\Eigen\src\Eigenvalues\ComplexEigenSolver.h">
      <Filter>External Files\Eigen\src</Filter>
    </ClInclude>
    <ClInclude Include="ext\Eigen 3.4.0\Eigen\src\Eigenvalues\ComplexSchur.h">
      <Filter>External Files\Eigen\src</Filter>
    </ClInclude>
    <ClInclude Include="ext\Eigen 3.4.0\Eigen\src\Eigenvalues\ComplexSchur_LAPACKE.h">
      <Filter>External Files\Eigen\src</Filter>
    </ClInclude>
    <ClInclude Include="ext\Eigen 3.4.0\Eigen\src\Eigenvalues\EigenSolver.h">
      <Filter>External Files\Eigen\src</Filter>
    </ClInclude>
    <ClInclude Include="ext\Eigen 3.4.0\Eigen\src\Eigenvalues\GeneralizedEigenSolver.h">
      <Filter>External Files\Eigen\src</Filter>
    </ClInclude>
    <ClInclude Include="ext\Eigen 3.4.0\Eigen\src\Eigenvalues\GeneralizedSelfAdjointEigenSolver.h">
      <Filter>External Files\Eigen\src</Filter>
    </ClInclude>
    <ClInclude Include="ext\Eigen 3.4.0\Eigen\src\Eigenvalues\HessenbergDecomposition.h">
      <Filter>External Files\Eigen\src</Filter>
    </ClInclude>
    <ClInclude Include="ext\Eigen 3.4.0\Eigen\src\Eigenvalues\MatrixBaseEigenvalues.h">
      <Filter>External Files\Eigen\src</Filter>
    </ClInclude>
    <ClInclude Include="ext\Eigen 3.4.0\Eigen\src\Eigenvalues\RealQZ.h">
      <Filter>External Files\Eigen\src</Filter>
    </ClInclude>
    <ClInclude Include="ext\Eigen 3.4.0\Eigen\src\Eigenvalues\RealSchur.h">
      <Filter>External Files\Eigen\src</Filter>
    </ClInclude>
    <ClInclude Include="ext\Eigen 3.4.0\Eigen\src\Eigenvalues\RealSchur_LAPACKE.h">
      <Filter>External Files\Eigen\src</Filter>
    </ClInclude>
    <ClInclude Include="ext\Eigen 3.4.0\Eigen\src\Eigenvalues\SelfAdjointEigenSolver.h">
      <Filter>External Files\Eigen\src</Filter>
    </ClInclude>
    <ClInclude Include="ext\Eigen 3.4.0\Eigen\src\Eigenvalues\SelfAdjointEigenSolver_LAPACKE.h">
      <Filter>External Files\Eigen\src</Filter>
    </ClInclude>
    <ClInclude Include="ext\Eigen 3.4.0\Eigen\src\Eigenvalues\Tridiagonalization.h">
      <Filter>External Files\Eigen\src</Filter>
    </ClInclude>
    <ClInclude Include="ext\Eigen 3.4.0\Eigen\src\Geometry\AlignedBox.h">
      <Filter>External Files\Eigen\src</Filter>
    </ClInclude>
    <ClInclude Include="ext\Eigen 3.4.0\Eigen\src\Geometry\AngleAxis.h">
      <Filter>External Files\Eigen\src</Filter>
    </ClInclude>
    <ClInclude Include="ext\Eigen 3.4.0\Eigen\src\Geometry\arch\Geometry_SIMD.h">
      <Filter>External Files\Eigen\src</Filter>
    </ClInclude>
    <ClInclude Include="ext\Eigen 3.4.0\Eigen\src\Geometry\EulerAngles.h">
      <Filter>External Files\Eigen\src</Filter>
    </ClInclude>
    <ClInclude Include="ext\Eigen 3.4.0\Eigen\src\Geometry\Homogeneous.h">
      <Filter>External Files\Eigen\src</Filter>
    </ClInclude>
    <ClInclude Include="ext\Eigen 3.4.0\Eigen\src\Geometry\Hyperplane.h">
      <Filter>External Files\Eigen\src</Filter>
    </ClInclude>
    <ClInclude Include="ext\Eigen 3.4.0\Eigen\src\Geometry\OrthoMethods.h">
      <Filter>External Files\Eigen\src</Filter>
    </ClInclude>
    <ClInclude Include="ext\Eigen 3.4.0\Eigen\src\Geometry\ParametrizedLine.h">
      <Filter>External Files\Eigen\src</Filter>
    </ClInclude>
    <ClInclude Include="ext\Eigen 3.4.0\Eigen\src\Geometry\Quaternion.h">
      <Filter>External Files\Eigen\src</Filter>
    </ClInclude>
    <ClInclude Include="ext\Eigen 3.4.0\Eigen\src\Geometry\Rotation2D.h">
      <Filter>External Files\Eigen\src</Filter>
    </ClInclude>
    <ClInclude Include="ext\Eigen 3.4.0\Eigen\src\Geometry\RotationBase.h">
      <Filter>External Files\Eigen\src</Filter>
    </ClInclude>
    <ClInclude Include="ext\Eigen 3.4.0\Eigen\src\Geometry\Scaling.h">
      <Filter>External Files\Eigen\src</Filter>
    </ClInclude>
    <ClInclude Include="ext\Eigen 3.4.0\Eigen\src\Geometry\Transform.h">
      <Filter>External Files\Eigen\src</Filter>
    </ClInclude>
    <ClInclude Include="ext\Eigen 3.4.0\Eigen\src\Geometry\Translation.h">
      <Filter>External Files\Eigen\src</Filter>
    </ClInclude>
    <ClInclude Include="ext\Eigen 3.4.0\Eigen\src\Geometry\Umeyama.h">
      <Filter>External Files\Eigen\src</Filter>
    </ClInclude>
    <ClInclude Include="ext\Eigen 3.4.0\Eigen\src\Householder\BlockHouseholder.h">
      <Filter>External Files\Eigen\src</Filter>
    </ClInclude>
    <ClInclude Include="ext\Eigen 3.4.0\Eigen\src\Householder\Householder.h">
      <Filter>External Files\Eigen\src</Filter>
    </ClInclude>
    <ClInclude Include="ext\Eigen 3.4.0\Eigen\src\Householder\HouseholderSequence.h">
      <Filter>External Files\Eigen\src</Filter>
    </ClInclude>
    <ClInclude Include="ext\Eigen 3.4.0\Eigen\src\IterativeLinearSolvers\BasicPreconditioners.h">
      <Filter>External Files\Eigen\src</Filter>
    </ClInclude>
    <ClInclude Include="ext\Eigen 3.4.0\Eigen\src\IterativeLinearSolvers\BiCGSTAB.h">
      <Filter>External Files\Eigen\src</Filter>
    </ClInclude>
    <ClInclude Include="ext\Eigen 3.4.0\Eigen\src\IterativeLinearSolvers\ConjugateGradient.h">
      <Filter>External Files\Eigen\src</Filter>
    </ClInclude>
    <ClInclude Include="ext\Eigen 3.4.0\Eigen\src\IterativeLinearSolvers\IncompleteCholesky.h">
      <Filter>External Files\Eigen\src</Filter>
    </ClInclude>
    <ClInclude Include="ext\Eigen 3.4.0\Eigen\src\IterativeLinearSolvers\IncompleteLUT.h">
      <Filter>External Files\Eigen\src</Filter>
    </ClInclude>
    <ClInclude Include="ext\Eigen 3.4.0\Eigen\src\IterativeLinearSolvers\IterativeSolverBase.h">
      <Filter>External Files\Eigen\src</Filter>
    </ClInclude>
    <ClInclude Include="ext\Eigen 3.4.0\Eigen\src\IterativeLinearSolvers\LeastSquareConjugateGradient.h">
      <Filter>External Files\Eigen\src</Filter>
    </ClInclude>
    <ClInclude Include="ext\Eigen 3.4.0\Eigen\src\IterativeLinearSolvers\SolveWithGuess.h">
      <Filter>External Files\Eigen\src</Filter>
    </ClInclude>
    <ClInclude Include="ext\Eigen 3.4.0\Eigen\src\Jacobi\Jacobi.h">
      <Filter>External Files\Eigen\src</Filter>
    </ClInclude>
    <ClInclude Include="ext\Eigen 3.4.0\Eigen\src\KLUSupport\KLUSupport.h">
      <Filter>External Files\Eigen\src</Filter>
    </ClInclude>
    <ClInclude Include="ext\Eigen 3.4.0\Eigen\src\LU\arch\InverseSize4.h">
      <Filter>External Files\Eigen\src</Filter>
    </ClInclude>
    <ClInclude Include="ext\Eigen 3.4.0\Eigen\src\LU\Determinant.h">
      <Filter>External Files\Eigen\src</Filter>
    </ClInclude>
    <ClInclude Include="ext\Eigen 3.4.0\Eigen\src\LU\FullPivLU.h">
      <Filter>External Files\Eigen\src</Filter>
    </ClInclude>
    <ClInclude Include="ext\Eigen 3.4.0\Eigen\src\LU\InverseImpl.h">
      <Filter>External Files\Eigen\src</Filter>
    </ClInclude>
    <ClInclude Include="ext\Eigen 3.4.0\Eigen\src\LU\PartialPivLU.h">
      <Filter>External Files\Eigen\src</Filter>
    </ClInclude>
    <ClInclude Include="ext\Eigen 3.4.0\Eigen\src\LU\PartialPivLU_LAPACKE.h">
      <Filter>External Files\Eigen\src</Filter>
    </ClInclude>
    <ClInclude Include="ext\Eigen 3.4.0\Eigen\src\MetisSupport\MetisSupport.h">
      <Filter>External Files\Eigen\src</Filter>
    </ClInclude>
    <ClInclude Include="ext\Eigen 3.4.0\Eigen\src\misc\blas.h">
      <Filter>External Files\Eigen\src</Filter>
    </ClInclude>
    <ClInclude Include="ext\Eigen 3.4.0\Eigen\src\misc\Image.h">
      <Filter>External Files\Eigen\src</Filter>
    </ClInclude>
    <ClInclude Include="ext\Eigen 3.4.0\Eigen\src\misc\Kernel.h">
      <Filter>External Files\Eigen\src</Filter>
    </ClInclude>
    <ClInclude Include="ext\Eigen 3.4.0\Eigen\src\misc\lapack.h">
      <Filter>External Files\Eigen\src</Filter>
    </ClInclude>
    <ClInclude Include="ext\Eigen 3.4.0\Eigen\src\misc\lapacke.h">
      <Filter>External Files\Eigen\src</Filter>
    </ClInclude>
    <ClInclude Include="ext\Eigen 3.4.0\Eigen\src\misc\lapacke_mangling.h">
      <Filter>External Files\Eigen\src</Filter>
    </ClInclude>
    <ClInclude Include="ext\Eigen 3.4.0\Eigen\src\misc\RealSvd2x2.h">
      <Filter>External Files\Eigen\src</Filter>
    </ClInclude>
    <ClInclude Include="ext\Eigen 3.4.0\Eigen\src\OrderingMethods\Amd.h">
      <Filter>External Files\Eigen\src</Filter>
    </ClInclude>
    <ClInclude Include="ext\Eigen 3.4.0\Eigen\src\OrderingMethods\Eigen_Colamd.h">
      <Filter>External Files\Eigen\src</Filter>
    </ClInclude>
    <ClInclude Include="ext\Eigen 3.4.0\Eigen\src\OrderingMethods\Ordering.h">
      <Filter>External Files\Eigen\src</Filter>
    </ClInclude>
    <ClInclude Include="ext\Eigen 3.4.0\Eigen\src\PardisoSupport\PardisoSupport.h">
      <Filter>External Files\Eigen\src</Filter>
    </ClInclude>
    <ClInclude Include="ext\Eigen 3.4.0\Eigen\src\PaStiXSupport\PaStiXSupport.h">
      <Filter>External Files\Eigen\src</Filter>
    </ClInclude>
    <ClInclude Include="ext\Eigen 3.4.0\Eigen\src\plugins\ArrayCwiseBinaryOps.h">
      <Filter>External Files\Eigen\src</Filter>
    </ClInclude>
    <ClInclude Include="ext\Eigen 3.4.0\Eigen\src\plugins\ArrayCwiseUnaryOps.h">
      <Filter>External Files\Eigen\src</Filter>
    </ClInclude>
    <ClInclude Include="ext\Eigen 3.4.0\Eigen\src\plugins\BlockMethods.h">
      <Filter>External Files\Eigen\src</Filter>
    </ClInclude>
    <ClInclude Include="ext\Eigen 3.4.0\Eigen\src\plugins\CommonCwiseBinaryOps.h">
      <Filter>External Files\Eigen\src</Filter>
    </ClInclude>
    <ClInclude Include="ext\Eigen 3.4.0\Eigen\src\plugins\CommonCwiseUnaryOps.h">
      <Filter>External Files\Eigen\src</Filter>
    </ClInclude>
    <ClInclude Include="ext\Eigen 3.4.0\Eigen\src\plugins\IndexedViewMethods.h">
      <Filter>External Files\Eigen\src</Filter>
    </ClInclude>
    <ClInclude Include="ext\Eigen 3.4.0\Eigen\src\plugins\MatrixCwiseBinaryOps.h">
      <Filter>External Files\Eigen\src</Filter>
    </ClInclude>
    <ClInclude Include="ext\Eigen 3.4.0\Eigen\src\plugins\MatrixCwiseUnaryOps.h">
      <Filter>External Files\Eigen\src</Filter>
    </ClInclude>
    <ClInclude Include="ext\Eigen 3.4.0\Eigen\src\plugins\ReshapedMethods.h">
      <Filter>External Files\Eigen\src</Filter>
    </ClInclude>
    <ClInclude Include="ext\Eigen 3.4.0\Eigen\src\QR\ColPivHouseholderQR.h">
      <Filter>External Files\Eigen\src</Filter>
    </ClInclude>
    <ClInclude Include="ext\Eigen 3.4.0\Eigen\src\QR\ColPivHouseholderQR_LAPACKE.h">
      <Filter>External Files\Eigen\src</Filter>
    </ClInclude>
    <ClInclude Include="ext\Eigen 3.4.0\Eigen\src\QR\CompleteOrthogonalDecomposition.h">
      <Filter>External Files\Eigen\src</Filter>
    </ClInclude>
    <ClInclude Include="ext\Eigen 3.4.0\Eigen\src\QR\FullPivHouseholderQR.h">
      <Filter>External Files\Eigen\src</Filter>
    </ClInclude>
    <ClInclude Include="ext\Eigen 3.4.0\Eigen\src\QR\HouseholderQR.h">
      <Filter>External Files\Eigen\src</Filter>
    </ClInclude>
    <ClInclude Include="ext\Eigen 3.4.0\Eigen\src\QR\HouseholderQR_LAPACKE.h">
      <Filter>External Files\Eigen\src</Filter>
    </ClInclude>
    <ClInclude Include="ext\Eigen 3.4.0\Eigen\src\SparseCholesky\SimplicialCholesky.h">
      <Filter>External Files\Eigen\src</Filter>
    </ClInclude>
    <ClInclude Include="ext\Eigen 3.4.0\Eigen\src\SparseCholesky\SimplicialCholesky_impl.h">
      <Filter>External Files\Eigen\src</Filter>
    </ClInclude>
    <ClInclude Include="ext\Eigen 3.4.0\Eigen\src\SparseCore\AmbiVector.h">
      <Filter>External Files\Eigen\src</Filter>
    </ClInclude>
    <ClInclude Include="ext\Eigen 3.4.0\Eigen\src\SparseCore\CompressedStorage.h">
      <Filter>External Files\Eigen\src</Filter>
    </ClInclude>
    <ClInclude Include="ext\Eigen 3.4.0\Eigen\src\SparseCore\ConservativeSparseSparseProduct.h">
      <Filter>External Files\Eigen\src</Filter>
    </ClInclude>
    <ClInclude Include="ext\Eigen 3.4.0\Eigen\src\SparseCore\MappedSparseMatrix.h">
      <Filter>External Files\Eigen\src</Filter>
    </ClInclude>
    <ClInclude Include="ext\Eigen 3.4.0\Eigen\src\SparseCore\SparseAssign.h">
      <Filter>External Files\Eigen\src</Filter>
    </ClInclude>
    <ClInclude Include="ext\Eigen 3.4.0\Eigen\src\SparseCore\SparseBlock.h">
      <Filter>External Files\Eigen\src</Filter>
    </ClInclude>
    <ClInclude Include="ext\Eigen 3.4.0\Eigen\src\SparseCore\SparseColEtree.h">
      <Filter>External Files\Eigen\src</Filter>
    </ClInclude>
    <ClInclude Include="ext\Eigen 3.4.0\Eigen\src\SparseCore\SparseCompressedBase.h">
      <Filter>External Files\Eigen\src</Filter>
    </ClInclude>
    <ClInclude Include="ext\Eigen 3.4.0\Eigen\src\SparseCore\SparseCwiseBinaryOp.h">
      <Filter>External Files\Eigen\src</Filter>
    </ClInclude>
    <ClInclude Include="ext\Eigen 3.4.0\Eigen\src\SparseCore\SparseCwiseUnaryOp.h">
      <Filter>External Files\Eigen\src</Filter>
    </ClInclude>
    <ClInclude Include="ext\Eigen 3.4.0\Eigen\src\SparseCore\SparseDenseProduct.h">
      <Filter>External Files\Eigen\src</Filter>
    </ClInclude>
    <ClInclude Include="ext\Eigen 3.4.0\Eigen\src\SparseCore\SparseDiagonalProduct.h">
      <Filter>External Files\Eigen\src</Filter>
    </ClInclude>
    <ClInclude Include="ext\Eigen 3.4.0\Eigen\src\SparseCore\SparseDot.h">
      <Filter>External Files\Eigen\src</Filter>
    </ClInclude>
    <ClInclude Include="ext\Eigen 3.4.0\Eigen\src\SparseCore\SparseFuzzy.h">
      <Filter>External Files\Eigen\src</Filter>
    </ClInclude>
    <ClInclude Include="ext\Eigen 3.4.0\Eigen\src\SparseCore\SparseMap.h">
      <Filter>External Files\Eigen\src</Filter>
    </ClInclude>
    <ClInclude Include="ext\Eigen 3.4.0\Eigen\src\SparseCore\SparseMatrix.h">
      <Filter>External Files\Eigen\src</Filter>
    </ClInclude>
    <ClInclude Include="ext\Eigen 3.4.0\Eigen\src\SparseCore\SparseMatrixBase.h">
      <Filter>External Files\Eigen\src</Filter>
    </ClInclude>
    <ClInclude Include="ext\Eigen 3.4.0\Eigen\src\SparseCore\SparsePermutation.h">
      <Filter>External Files\Eigen\src</Filter>
    </ClInclude>
    <ClInclude Include="ext\Eigen 3.4.0\Eigen\src\SparseCore\SparseProduct.h">
      <Filter>External Files\Eigen\src</Filter>
    </ClInclude>
    <ClInclude Include="ext\Eigen 3.4.0\Eigen\src\SparseCore\SparseRedux.h">
      <Filter>External Files\Eigen\src</Filter>
    </ClInclude>
    <ClInclude Include="ext\Eigen 3.4.0\Eigen\src\SparseCore\SparseRef.h">
      <Filter>External Files\Eigen\src</Filter>
    </ClInclude>
    <ClInclude Include="ext\Eigen 3.4.0\Eigen\src\SparseCore\SparseSelfAdjointView.h">
      <Filter>External Files\Eigen\src</Filter>
    </ClInclude>
    <ClInclude Include="ext\Eigen 3.4.0\Eigen\src\SparseCore\SparseSolverBase.h">
      <Filter>External Files\Eigen\src</Filter>
    </ClInclude>
    <ClInclude Include="ext\Eigen 3.4.0\Eigen\src\SparseCore\SparseSparseProductWithPruning.h">
      <Filter>External Files\Eigen\src</Filter>
    </ClInclude>
    <ClInclude Include="ext\Eigen 3.4.0\Eigen\src\SparseCore\SparseTranspose.h">
      <Filter>External Files\Eigen\src</Filter>
    </ClInclude>
    <ClInclude Include="ext\Eigen 3.4.0\Eigen\src\SparseCore\SparseTriangularView.h">
      <Filter>External Files\Eigen\src</Filter>
    </ClInclude>
    <ClInclude Include="ext\Eigen 3.4.0\Eigen\src\SparseCore\SparseUtil.h">
      <Filter>External Files\Eigen\src</Filter>
    </ClInclude>
    <ClInclude Include="ext\Eigen 3.4.0\Eigen\src\SparseCore\SparseVector.h">
      <Filter>External Files\Eigen\src</Filter>
    </ClInclude>
    <ClInclude Include="ext\Eigen 3.4.0\Eigen\src\SparseCore\SparseView.h">
      <Filter>External Files\Eigen\src</Filter>
    </ClInclude>
    <ClInclude Include="ext\Eigen 3.4.0\Eigen\src\SparseCore\TriangularSolver.h">
      <Filter>External Files\Eigen\src</Filter>
    </ClInclude>
    <ClInclude Include="ext\Eigen 3.4.0\Eigen\src\SparseLU\SparseLU.h">
      <Filter>External Files\Eigen\src</Filter>
    </ClInclude>
    <ClInclude Include="ext\Eigen 3.4.0\Eigen\src\SparseLU\SparseLUImpl.h">
      <Filter>External Files\Eigen\src</Filter>
    </ClInclude>
    <ClInclude Include="ext\Eigen 3.4.0\Eigen\src\SparseLU\SparseLU_column_bmod.h">
      <Filter>External Files\Eigen\src</Filter>
    </ClInclude>
    <ClInclude Include="ext\Eigen 3.4.0\Eigen\src\SparseLU\SparseLU_column_dfs.h">
      <Filter>External Files\Eigen\src</Filter>
    </ClInclude>
    <ClInclude Include="ext\Eigen 3.4.0\Eigen\src\SparseLU\SparseLU_copy_to_ucol.h">
      <Filter>External Files\Eigen\src</Filter>
    </ClInclude>
    <ClInclude Include="ext\Eigen 3.4.0\Eigen\src\SparseLU\SparseLU_gemm_kernel.h">
      <Filter>External Files\Eigen\src</Filter>
    </ClInclude>
    <ClInclude Include="ext\Eigen 3.4.0\Eigen\src\SparseLU\SparseLU_heap_relax_snode.h">
      <Filter>External Files\Eigen\src</Filter>
    </ClInclude>
    <ClInclude Include="ext\Eigen 3.4.0\Eigen\src\SparseLU\SparseLU_kernel_bmod.h">
      <Filter>External Files\Eigen\src</Filter>
    </ClInclude>
    <ClInclude Include="ext\Eigen 3.4.0\Eigen\src\SparseLU\SparseLU_Memory.h">
      <Filter>External Files\Eigen\src</Filter>
    </ClInclude>
    <ClInclude Include="ext\Eigen 3.4.0\Eigen\src\SparseLU\SparseLU_panel_bmod.h">
      <Filter>External Files\Eigen\src</Filter>
    </ClInclude>
    <ClInclude Include="ext\Eigen 3.4.0\Eigen\src\SparseLU\SparseLU_panel_dfs.h">
      <Filter>External Files\Eigen\src</Filter>
    </ClInclude>
    <ClInclude Include="ext\Eigen 3.4.0\Eigen\src\SparseLU\SparseLU_pivotL.h">
      <Filter>External Files\Eigen\src</Filter>
    </ClInclude>
    <ClInclude Include="ext\Eigen 3.4.0\Eigen\src\SparseLU\SparseLU_pruneL.h">
      <Filter>External Files\Eigen\src</Filter>
    </ClInclude>
    <ClInclude Include="ext\Eigen 3.4.0\Eigen\src\SparseLU\SparseLU_relax_snode.h">
      <Filter>External Files\Eigen\src</Filter>
    </ClInclude>
    <ClInclude Include="ext\Eigen 3.4.0\Eigen\src\SparseLU\SparseLU_Structs.h">
      <Filter>External Files\Eigen\src</Filter>
    </ClInclude>
    <ClInclude Include="ext\Eigen 3.4.0\Eigen\src\SparseLU\SparseLU_SupernodalMatrix.h">
      <Filter>External Files\Eigen\src</Filter>
    </ClInclude>
    <ClInclude Include="ext\Eigen 3.4.0\Eigen\src\SparseLU\SparseLU_Utils.h">
      <Filter>External Files\Eigen\src</Filter>
    </ClInclude>
    <ClInclude Include="ext\Eigen 3.4.0\Eigen\src\SparseQR\SparseQR.h">
      <Filter>External Files\Eigen\src</Filter>
    </ClInclude>
    <ClInclude Include="ext\Eigen 3.4.0\Eigen\src\SPQRSupport\SuiteSparseQRSupport.h">
      <Filter>External Files\Eigen\src</Filter>
    </ClInclude>
    <ClInclude Include="ext\Eigen 3.4.0\Eigen\src\StlSupport\details.h">
      <Filter>External Files\Eigen\src</Filter>
    </ClInclude>
    <ClInclude Include="ext\Eigen 3.4.0\Eigen\src\StlSupport\StdDeque.h">
      <Filter>External Files\Eigen\src</Filter>
    </ClInclude>
    <ClInclude Include="ext\Eigen 3.4.0\Eigen\src\StlSupport\StdList.h">
      <Filter>External Files\Eigen\src</Filter>
    </ClInclude>
    <ClInclude Include="ext\Eigen 3.4.0\Eigen\src\StlSupport\StdVector.h">
      <Filter>External Files\Eigen\src</Filter>
    </ClInclude>
    <ClInclude Include="ext\Eigen 3.4.0\Eigen\src\SuperLUSupport\SuperLUSupport.h">
      <Filter>External Files\Eigen\src</Filter>
    </ClInclude>
    <ClInclude Include="ext\Eigen 3.4.0\Eigen\src\SVD\BDCSVD.h">
      <Filter>External Files\Eigen\src</Filter>
    </ClInclude>
    <ClInclude Include="ext\Eigen 3.4.0\Eigen\src\SVD\JacobiSVD.h">
      <Filter>External Files\Eigen\src</Filter>
    </ClInclude>
    <ClInclude Include="ext\Eigen 3.4.0\Eigen\src\SVD\JacobiSVD_LAPACKE.h">
      <Filter>External Files\Eigen\src</Filter>
    </ClInclude>
    <ClInclude Include="ext\Eigen 3.4.0\Eigen\src\SVD\SVDBase.h">
      <Filter>External Files\Eigen\src</Filter>
    </ClInclude>
    <ClInclude Include="ext\Eigen 3.4.0\Eigen\src\SVD\UpperBidiagonalization.h">
      <Filter>External Files\Eigen\src</Filter>
    </ClInclude>
    <ClInclude Include="ext\Eigen 3.4.0\Eigen\src\UmfPackSupport\UmfPackSupport.h">
      <Filter>External Files\Eigen\src</Filter>
    </ClInclude>
    <ClInclude Include="src\Assets.h">
      <Filter>Source Files\Include Helpers</Filter>
    </ClInclude>
    <ClInclude Include="src\InputComponent.h">
      <Filter>Source Files\Systems\EntitySystem\Components</Filter>
    </ClInclude>
    <ClInclude Include="ext\FMOD\Include\fmod.h">
      <Filter>External Files\FMOD</Filter>
    </ClInclude>
    <ClInclude Include="ext\FMOD\Include\fmod.hpp">
      <Filter>External Files\FMOD</Filter>
    </ClInclude>
    <ClInclude Include="ext\FMOD\Include\fmod_codec.h">
      <Filter>External Files\FMOD</Filter>
    </ClInclude>
    <ClInclude Include="ext\FMOD\Include\fmod_common.h">
      <Filter>External Files\FMOD</Filter>
    </ClInclude>
    <ClInclude Include="ext\FMOD\Include\fmod_dsp.h">
      <Filter>External Files\FMOD</Filter>
    </ClInclude>
    <ClInclude Include="ext\FMOD\Include\fmod_dsp_effects.h">
      <Filter>External Files\FMOD</Filter>
    </ClInclude>
    <ClInclude Include="ext\FMOD\Include\fmod_errors.h">
      <Filter>External Files\FMOD</Filter>
    </ClInclude>
    <ClInclude Include="ext\FMOD\Include\fmod_output.h">
      <Filter>External Files\FMOD</Filter>
    </ClInclude>
    <ClInclude Include="ext\FMOD\Include\fmod_studio.h">
      <Filter>External Files\FMOD</Filter>
    </ClInclude>
    <ClInclude Include="ext\FMOD\Include\fmod_studio.hpp">
      <Filter>External Files\FMOD</Filter>
    </ClInclude>
    <ClInclude Include="ext\FMOD\Include\fmod_studio_common.h">
      <Filter>External Files\FMOD</Filter>
    </ClInclude>
    <ClInclude Include="src\AudioChannel.h">
      <Filter>Source Files\Systems\Audio</Filter>
    </ClInclude>
    <ClInclude Include="src\AudioEngine.h">
      <Filter>Source Files\Systems\Audio</Filter>
    </ClInclude>
    <ClInclude Include="src\Sound.h">
      <Filter>Source Files\Systems\Audio</Filter>
    </ClInclude>
    <ClInclude Include="src\ExamplePlayerController.h">
      <Filter>Source Files\Systems\EntitySystem\Components</Filter>
    </ClInclude>
    <ClInclude Include="src\AudioEmitter.h">
      <Filter>Source Files\Systems\EntitySystem\Components</Filter>
    </ClInclude>
    <ClInclude Include="src\AudioListener.h">
      <Filter>Source Files\Systems\EntitySystem\Components</Filter>
    </ClInclude>
    <ClInclude Include="src\CollisionData.h">
      <Filter>Source Files\Systems\Physics</Filter>
    </ClInclude>
    <ClInclude Include="src\CollisionCallbackManager.h">
      <Filter>Source Files\Systems\Physics</Filter>
    </ClInclude>
    <ClInclude Include="src\CollisionCallbackReceipt.h">
      <Filter>Source Files\Systems\Physics</Filter>
    </ClInclude>
    <ClInclude Include="src\ButtonElement.h">
      <Filter>Source Files\Systems\User Interface\UI Elements</Filter>
    </ClInclude>
    <ClInclude Include="src\TextElement.h">
      <Filter>Source Files\Systems\User Interface\UI Elements</Filter>
    </ClInclude>
    <ClInclude Include="src\ShapeElement.h">
      <Filter>Source Files\Systems\User Interface\UI Elements</Filter>
    </ClInclude>
    <ClInclude Include="src\ImageLoader.h">
      <Filter>Source Files\Systems\User Interface</Filter>
    </ClInclude>
    <ClInclude Include="src\UISystem.h">
      <Filter>Source Files\Systems\User Interface</Filter>
    </ClInclude>
    <ClInclude Include="src\UIElement.h">
      <Filter>Source Files\Systems\User Interface</Filter>
    </ClInclude>
    <ClInclude Include="src\UIComponent.h">
      <Filter>Source Files\Systems\EntitySystem\Components</Filter>
    </ClInclude>
  </ItemGroup>
  <ItemGroup>
    <None Include="src\MaterialDiagram.cd">
      <Filter>Class Diagrams</Filter>
    </None>
    <None Include="res\Shaders\frag\monoColour.glsl">
      <Filter>Resource Files\Shaders</Filter>
    </None>
    <None Include="res\Shaders\lightsHeader.glsl">
      <Filter>Resource Files\Shaders\Shader Headers</Filter>
    </None>
    <None Include="res\Shaders\vertexHeader.glsl">
      <Filter>Resource Files\Shaders\Shader Headers</Filter>
    </None>
    <None Include="res\Shaders\fragmentHeader.glsl">
      <Filter>Resource Files\Shaders\Shader Headers</Filter>
    </None>
    <None Include="res\Shaders\light\unlit.glsl">
      <Filter>Resource Files\Shaders</Filter>
    </None>
    <None Include="res\Shaders\static\FBDisplayer.glsl">
      <Filter>Resource Files\Shaders</Filter>
    </None>
    <None Include="res\Shaders\vert\projection.vert">
      <Filter>Resource Files\Shaders\Vertex Shaders</Filter>
    </None>
    <None Include="res\Meshes\DisplayScreen.obj">
      <Filter>Resource Files\Meshes</Filter>
    </None>
    <None Include="res\Meshes\TestMesh.obj">
      <Filter>Resource Files\Meshes</Filter>
    </None>
    <None Include="res\Meshes\Suzanne.obj">
      <Filter>Resource Files\Meshes</Filter>
    </None>
  </ItemGroup>
  <ItemGroup>
    <Text Include="src\LoggingSystem.conf">
      <Filter>Resource Files\Configs</Filter>
    </Text>
  </ItemGroup>
  <ItemGroup>
    <Resource Include="res\Meshes\Primitives\cube.obj">
      <Filter>Resource Files\Meshes\Primitives</Filter>
    </Resource>
  </ItemGroup>
  <ItemGroup>
    <Media Include="res\Sounds\Voyager.mp3">
      <Filter>Resource Files</Filter>
    </Media>
  </ItemGroup>
</Project>