<?xml version="1.0" encoding="utf-8"?>
<Project ToolsVersion="4.0" xmlns="http://schemas.microsoft.com/developer/msbuild/2003">
  <ItemGroup>
    <Filter Include="Source Files">
      <UniqueIdentifier>{4FC737F1-C7A5-4376-A066-2A32D752A2FF}</UniqueIdentifier>
      <Extensions>cpp;c;cc;cxx;c++;cppm;ixx;def;odl;idl;hpj;bat;asm;asmx</Extensions>
    </Filter>
    <Filter Include="Resource Files">
      <UniqueIdentifier>{67DA6AB6-F800-4c08-8B7A-83BB121AAD01}</UniqueIdentifier>
      <Extensions>rc;ico;cur;bmp;dlg;rc2;rct;bin;rgs;gif;jpg;jpeg;jpe;resx;tiff;tif;png;wav;mfcribbon-ms</Extensions>
    </Filter>
    <Filter Include="Class Diagrams">
      <UniqueIdentifier>{efb4cd8c-e288-4311-b4a4-b5beb35510eb}</UniqueIdentifier>
    </Filter>
    <Filter Include="Source Files\AssetTypes">
      <UniqueIdentifier>{343a5cf1-15c0-4f93-9df9-b31f5deb9575}</UniqueIdentifier>
    </Filter>
    <Filter Include="External Files">
      <UniqueIdentifier>{93995380-89BD-4b04-88EB-625FBE52EBFB}</UniqueIdentifier>
      <Extensions>h;hh;hpp;hxx;h++;hm;inl;inc;ipp;xsd</Extensions>
    </Filter>
    <Filter Include="External Files\ImGui">
      <UniqueIdentifier>{9eb12738-2791-4710-8980-22655953348b}</UniqueIdentifier>
    </Filter>
    <Filter Include="External Files\ImGui\Backends">
      <UniqueIdentifier>{ffe88599-0232-479f-963c-bf5200273827}</UniqueIdentifier>
    </Filter>
    <Filter Include="External Files\GLAD">
      <UniqueIdentifier>{57d61343-3c07-413d-9e72-a6bd069023c1}</UniqueIdentifier>
    </Filter>
    <Filter Include="Source Files\Systems">
      <UniqueIdentifier>{1c6a4f56-ba00-4684-9064-a7c9b47ec93a}</UniqueIdentifier>
    </Filter>
    <Filter Include="Source Files\Systems\Resource Management">
      <UniqueIdentifier>{be332b34-daf7-415a-b1f7-a1e7002381fc}</UniqueIdentifier>
    </Filter>
    <Filter Include="Source Files\AssetTypes\Mesh">
      <UniqueIdentifier>{83dc9543-72a0-4753-b4ca-dcc0b6bd9b64}</UniqueIdentifier>
    </Filter>
    <Filter Include="Source Files\AssetTypes\Material">
      <UniqueIdentifier>{50c35953-fdcb-4e01-ad3f-950ae07317f7}</UniqueIdentifier>
    </Filter>
    <Filter Include="Source Files\AssetTypes\Shader">
      <UniqueIdentifier>{4a16d2a8-9a20-4662-a0cd-3a17c9cd1864}</UniqueIdentifier>
    </Filter>
    <Filter Include="Source Files\AssetTypes\Texture">
      <UniqueIdentifier>{16a92eb2-1d9d-4c86-a749-30e10389bbb0}</UniqueIdentifier>
    </Filter>
    <Filter Include="Source Files\Systems\Rendering">
      <UniqueIdentifier>{7e29936c-0138-48fc-b14c-f24bfb0a6e9c}</UniqueIdentifier>
    </Filter>
    <Filter Include="Resource Files\Shaders">
      <UniqueIdentifier>{5cc9a9b4-273b-4ffd-b60f-71940f212744}</UniqueIdentifier>
    </Filter>
    <Filter Include="External Files\nlohmann">
      <UniqueIdentifier>{2d2f3ff2-3d66-4e66-b6a5-3dee22ec73cf}</UniqueIdentifier>
    </Filter>
    <Filter Include="Source Files\Systems\EntitySystem">
      <UniqueIdentifier>{cf4707f1-f044-4856-8846-c40588888651}</UniqueIdentifier>
    </Filter>
    <Filter Include="Source Files\Systems\Memory Management">
      <UniqueIdentifier>{5f5c7d82-68df-4826-9bf4-ea6c5df0bba1}</UniqueIdentifier>
    </Filter>
  </ItemGroup>
  <ItemGroup>
    <ClCompile Include="src\Window.cpp">
      <Filter>Source Files</Filter>
    </ClCompile>
    <ClCompile Include="ext\GLAD\src\glad.c">
      <Filter>External Files\GLAD</Filter>
    </ClCompile>
    <ClCompile Include="ext\Dear-ImGui 1.89.2\imgui.cpp">
      <Filter>External Files\ImGui</Filter>
    </ClCompile>
    <ClCompile Include="ext\Dear-ImGui 1.89.2\imgui_demo.cpp">
      <Filter>External Files\ImGui</Filter>
    </ClCompile>
    <ClCompile Include="ext\Dear-ImGui 1.89.2\imgui_draw.cpp">
      <Filter>External Files\ImGui</Filter>
    </ClCompile>
    <ClCompile Include="ext\Dear-ImGui 1.89.2\imgui_tables.cpp">
      <Filter>External Files\ImGui</Filter>
    </ClCompile>
    <ClCompile Include="ext\Dear-ImGui 1.89.2\imgui_widgets.cpp">
      <Filter>External Files\ImGui</Filter>
    </ClCompile>
    <ClCompile Include="ext\Dear-ImGui 1.89.2\backends\imgui_impl_glfw.cpp">
      <Filter>External Files\ImGui\Backends</Filter>
    </ClCompile>
    <ClCompile Include="ext\Dear-ImGui 1.89.2\backends\imgui_impl_opengl3.cpp">
      <Filter>External Files\ImGui\Backends</Filter>
    </ClCompile>
    <ClCompile Include="src\UniformData.cpp">
      <Filter>Source Files\AssetTypes\Material</Filter>
    </ClCompile>
    <ClCompile Include="src\MaterialLibrary.cpp">
      <Filter>Source Files\Systems\Resource Management</Filter>
    </ClCompile>
    <ClCompile Include="src\Material.cpp">
      <Filter>Source Files\AssetTypes\Material</Filter>
    </ClCompile>
    <ClCompile Include="src\Renderer.cpp">
      <Filter>Source Files\Systems\Rendering</Filter>
    </ClCompile>
    <ClCompile Include="src\RenderBatch.cpp">
      <Filter>Source Files\Systems\Rendering</Filter>
    </ClCompile>
    <ClCompile Include="src\Texture.cpp">
      <Filter>Source Files\AssetTypes\Texture</Filter>
    </ClCompile>
    <ClCompile Include="src\Entity.cpp">
      <Filter>Source Files\Systems\EntitySystem</Filter>
    </ClCompile>
    <ClCompile Include="src\TestComponent.cpp">
      <Filter>Source Files\Systems\EntitySystem</Filter>
    </ClCompile>
    <ClCompile Include="src\EntityPool.cpp">
      <Filter>Source Files\Systems\Memory Management</Filter>
    </ClCompile>
    <ClCompile Include="src\EntityFactory.cpp">
      <Filter>Source Files\Systems\Memory Management</Filter>
    </ClCompile>
    <ClCompile Include="src\MeshLibrary.cpp">
      <Filter>Source Files\Systems\Resource Management</Filter>
    </ClCompile>
    <ClCompile Include="src\ShaderLibrary.cpp">
      <Filter>Source Files\Systems\Resource Management</Filter>
    </ClCompile>
    <ClCompile Include="src\TextureLibrary.cpp">
      <Filter>Source Files\Systems\Resource Management</Filter>
    </ClCompile>
    <ClCompile Include="ext\easyloggingpp-9.97.0\samples\API\easylogging++.cc">
      <Filter>Source Files</Filter>
    </ClCompile>
    <ClCompile Include="ext\easyloggingpp-9.97.0\samples\API\logbuilder.cpp">
      <Filter>Source Files</Filter>
    </ClCompile>
    <ClCompile Include="ext\easyloggingpp-9.97.0\samples\async\easylogging++.cc">
      <Filter>Source Files</Filter>
    </ClCompile>
    <ClCompile Include="ext\easyloggingpp-9.97.0\samples\async\prog.cpp">
      <Filter>Source Files</Filter>
    </ClCompile>
    <ClCompile Include="ext\easyloggingpp-9.97.0\samples\boost\deque.cpp">
      <Filter>Source Files</Filter>
    </ClCompile>
    <ClCompile Include="ext\easyloggingpp-9.97.0\samples\boost\easylogging++.cc">
      <Filter>Source Files</Filter>
    </ClCompile>
    <ClCompile Include="ext\easyloggingpp-9.97.0\samples\boost\list.cpp">
      <Filter>Source Files</Filter>
    </ClCompile>
    <ClCompile Include="ext\easyloggingpp-9.97.0\samples\boost\map.cpp">
      <Filter>Source Files</Filter>
    </ClCompile>
    <ClCompile Include="ext\easyloggingpp-9.97.0\samples\boost\set.cpp">
      <Filter>Source Files</Filter>
    </ClCompile>
    <ClCompile Include="ext\easyloggingpp-9.97.0\samples\boost\string.cpp">
      <Filter>Source Files</Filter>
    </ClCompile>
    <ClCompile Include="ext\easyloggingpp-9.97.0\samples\boost\vector.cpp">
      <Filter>Source Files</Filter>
    </ClCompile>
    <ClCompile Include="ext\easyloggingpp-9.97.0\samples\gtkmm\hello_gtkmm\main.cc">
      <Filter>Source Files</Filter>
    </ClCompile>
    <ClCompile Include="ext\easyloggingpp-9.97.0\samples\gtkmm\hello_gtkmm\window.cc">
      <Filter>Source Files</Filter>
    </ClCompile>
    <ClCompile Include="ext\easyloggingpp-9.97.0\samples\gtkmm\easylogging++.cc">
      <Filter>Source Files</Filter>
    </ClCompile>
    <ClCompile Include="ext\easyloggingpp-9.97.0\samples\gtkmm\sigc++.cpp">
      <Filter>Source Files</Filter>
    </ClCompile>
    <ClCompile Include="ext\easyloggingpp-9.97.0\samples\gtkmm\ustring.cpp">
      <Filter>Source Files</Filter>
    </ClCompile>
    <ClCompile Include="ext\easyloggingpp-9.97.0\samples\MinGW\easylogging++.cc">
      <Filter>Source Files</Filter>
    </ClCompile>
    <ClCompile Include="ext\easyloggingpp-9.97.0\samples\MinGW\prog.cpp">
      <Filter>Source Files</Filter>
    </ClCompile>
    <ClCompile Include="ext\easyloggingpp-9.97.0\samples\OpenGL\Cube\imageloader.cpp">
      <Filter>Source Files</Filter>
    </ClCompile>
    <ClCompile Include="ext\easyloggingpp-9.97.0\samples\OpenGL\Cube\main.cpp">
      <Filter>Source Files</Filter>
    </ClCompile>
    <ClCompile Include="ext\easyloggingpp-9.97.0\samples\OpenGL\basic.cpp">
      <Filter>Source Files</Filter>
    </ClCompile>
    <ClCompile Include="ext\easyloggingpp-9.97.0\samples\OpenGL\easylogging++.cc">
      <Filter>Source Files</Filter>
    </ClCompile>
    <ClCompile Include="ext\easyloggingpp-9.97.0\samples\Qt\basic\main.cpp">
      <Filter>Source Files</Filter>
    </ClCompile>
    <ClCompile Include="ext\easyloggingpp-9.97.0\samples\Qt\fast-dictionary\listwithsearch.cc">
      <Filter>Source Files</Filter>
    </ClCompile>
    <ClCompile Include="ext\easyloggingpp-9.97.0\samples\Qt\fast-dictionary\main.cc">
      <Filter>Source Files</Filter>
    </ClCompile>
    <ClCompile Include="ext\easyloggingpp-9.97.0\samples\Qt\fast-dictionary\mainwindow.cc">
      <Filter>Source Files</Filter>
    </ClCompile>
    <ClCompile Include="ext\easyloggingpp-9.97.0\samples\Qt\fast-dictionary\moc_listwithsearch.cpp">
      <Filter>Source Files</Filter>
    </ClCompile>
    <ClCompile Include="ext\easyloggingpp-9.97.0\samples\Qt\fast-dictionary\moc_mainwindow.cpp">
      <Filter>Source Files</Filter>
    </ClCompile>
    <ClCompile Include="ext\easyloggingpp-9.97.0\samples\Qt\file-splitter-joiner\about.cpp">
      <Filter>Source Files</Filter>
    </ClCompile>
    <ClCompile Include="ext\easyloggingpp-9.97.0\samples\Qt\file-splitter-joiner\addsplittedfiledialog.cpp">
      <Filter>Source Files</Filter>
    </ClCompile>
    <ClCompile Include="ext\easyloggingpp-9.97.0\samples\Qt\file-splitter-joiner\joinercore.cpp">
      <Filter>Source Files</Filter>
    </ClCompile>
    <ClCompile Include="ext\easyloggingpp-9.97.0\samples\Qt\file-splitter-joiner\joinerwidget.cpp">
      <Filter>Source Files</Filter>
    </ClCompile>
    <ClCompile Include="ext\easyloggingpp-9.97.0\samples\Qt\file-splitter-joiner\main.cpp">
      <Filter>Source Files</Filter>
    </ClCompile>
    <ClCompile Include="ext\easyloggingpp-9.97.0\samples\Qt\file-splitter-joiner\mainwindow.cpp">
      <Filter>Source Files</Filter>
    </ClCompile>
    <ClCompile Include="ext\easyloggingpp-9.97.0\samples\Qt\file-splitter-joiner\partprocessor.cpp">
      <Filter>Source Files</Filter>
    </ClCompile>
    <ClCompile Include="ext\easyloggingpp-9.97.0\samples\Qt\file-splitter-joiner\splitablefiledelegate.cpp">
      <Filter>Source Files</Filter>
    </ClCompile>
    <ClCompile Include="ext\easyloggingpp-9.97.0\samples\Qt\file-splitter-joiner\splittercore.cpp">
      <Filter>Source Files</Filter>
    </ClCompile>
    <ClCompile Include="ext\easyloggingpp-9.97.0\samples\Qt\file-splitter-joiner\splitterwidget.cpp">
      <Filter>Source Files</Filter>
    </ClCompile>
    <ClCompile Include="ext\easyloggingpp-9.97.0\samples\Qt\shared-lib\myapp\main.cc">
      <Filter>Source Files</Filter>
    </ClCompile>
    <ClCompile Include="ext\easyloggingpp-9.97.0\samples\Qt\shared-lib\mylib\mylib.cc">
      <Filter>Source Files</Filter>
    </ClCompile>
    <ClCompile Include="ext\easyloggingpp-9.97.0\samples\send-to-network\easylogging++.cc">
      <Filter>Source Files</Filter>
    </ClCompile>
    <ClCompile Include="ext\easyloggingpp-9.97.0\samples\send-to-network\network-logger.cpp">
      <Filter>Source Files</Filter>
    </ClCompile>
    <ClCompile Include="ext\easyloggingpp-9.97.0\samples\STL\shared-static-libs\lib\mylib.cpp">
      <Filter>Source Files</Filter>
    </ClCompile>
    <ClCompile Include="ext\easyloggingpp-9.97.0\samples\STL\shared-static-libs\myapp.cpp">
      <Filter>Source Files</Filter>
    </ClCompile>
    <ClCompile Include="ext\easyloggingpp-9.97.0\samples\STL\all-logs.cpp">
      <Filter>Source Files</Filter>
    </ClCompile>
    <ClCompile Include="ext\easyloggingpp-9.97.0\samples\STL\autospace.cpp">
      <Filter>Source Files</Filter>
    </ClCompile>
    <ClCompile Include="ext\easyloggingpp-9.97.0\samples\STL\check-macros.cpp">
      <Filter>Source Files</Filter>
    </ClCompile>
    <ClCompile Include="ext\easyloggingpp-9.97.0\samples\STL\conditional.cpp">
      <Filter>Source Files</Filter>
    </ClCompile>
    <ClCompile Include="ext\easyloggingpp-9.97.0\samples\STL\configurator.cpp">
      <Filter>Source Files</Filter>
    </ClCompile>
    <ClCompile Include="ext\easyloggingpp-9.97.0\samples\STL\containers.cpp">
      <Filter>Source Files</Filter>
    </ClCompile>
    <ClCompile Include="ext\easyloggingpp-9.97.0\samples\STL\crash.cpp">
      <Filter>Source Files</Filter>
    </ClCompile>
    <ClCompile Include="ext\easyloggingpp-9.97.0\samples\STL\custom-class.cpp">
      <Filter>Source Files</Filter>
    </ClCompile>
    <ClCompile Include="ext\easyloggingpp-9.97.0\samples\STL\custom-crash-handler.cpp">
      <Filter>Source Files</Filter>
    </ClCompile>
    <ClCompile Include="ext\easyloggingpp-9.97.0\samples\STL\custom-format-spec.cpp">
      <Filter>Source Files</Filter>
    </ClCompile>
    <ClCompile Include="ext\easyloggingpp-9.97.0\samples\STL\custom-performance-output.cpp">
      <Filter>Source Files</Filter>
    </ClCompile>
    <ClCompile Include="ext\easyloggingpp-9.97.0\samples\STL\default-configurations.cpp">
      <Filter>Source Files</Filter>
    </ClCompile>
    <ClCompile Include="ext\easyloggingpp-9.97.0\samples\STL\default-log-file-from-arg.cpp">
      <Filter>Source Files</Filter>
    </ClCompile>
    <ClCompile Include="ext\easyloggingpp-9.97.0\samples\STL\del-logger.cpp">
      <Filter>Source Files</Filter>
    </ClCompile>
    <ClCompile Include="ext\easyloggingpp-9.97.0\samples\STL\different-output.cpp">
      <Filter>Source Files</Filter>
    </ClCompile>
    <ClCompile Include="ext\easyloggingpp-9.97.0\samples\STL\easylogging++.cc">
      <Filter>Source Files</Filter>
    </ClCompile>
    <ClCompile Include="ext\easyloggingpp-9.97.0\samples\STL\flags.cpp">
      <Filter>Source Files</Filter>
    </ClCompile>
    <ClCompile Include="ext\easyloggingpp-9.97.0\samples\STL\global-configuration.cpp">
      <Filter>Source Files</Filter>
    </ClCompile>
    <ClCompile Include="ext\easyloggingpp-9.97.0\samples\STL\helpers.cpp">
      <Filter>Source Files</Filter>
    </ClCompile>
    <ClCompile Include="ext\easyloggingpp-9.97.0\samples\STL\locale.cpp">
      <Filter>Source Files</Filter>
    </ClCompile>
    <ClCompile Include="ext\easyloggingpp-9.97.0\samples\STL\log-dispatch-callback.cpp">
      <Filter>Source Files</Filter>
    </ClCompile>
    <ClCompile Include="ext\easyloggingpp-9.97.0\samples\STL\loggable.cpp">
      <Filter>Source Files</Filter>
    </ClCompile>
    <ClCompile Include="ext\easyloggingpp-9.97.0\samples\STL\logger-log-functions.cpp">
      <Filter>Source Files</Filter>
    </ClCompile>
    <ClCompile Include="ext\easyloggingpp-9.97.0\samples\STL\logrotate.cpp">
      <Filter>Source Files</Filter>
    </ClCompile>
    <ClCompile Include="ext\easyloggingpp-9.97.0\samples\STL\logrotate-pthread.cpp">
      <Filter>Source Files</Filter>
    </ClCompile>
    <ClCompile Include="ext\easyloggingpp-9.97.0\samples\STL\make-loggable.cpp">
      <Filter>Source Files</Filter>
    </ClCompile>
    <ClCompile Include="ext\easyloggingpp-9.97.0\samples\STL\manipulators.cpp">
      <Filter>Source Files</Filter>
    </ClCompile>
    <ClCompile Include="ext\easyloggingpp-9.97.0\samples\STL\multi-loggers-to-same-file.cpp">
      <Filter>Source Files</Filter>
    </ClCompile>
    <ClCompile Include="ext\easyloggingpp-9.97.0\samples\STL\multi-loggers-with-async.cpp">
      <Filter>Source Files</Filter>
    </ClCompile>
    <ClCompile Include="ext\easyloggingpp-9.97.0\samples\STL\multiple-loggers.cpp">
      <Filter>Source Files</Filter>
    </ClCompile>
    <ClCompile Include="ext\easyloggingpp-9.97.0\samples\STL\new-logger-registration-callback.cpp">
      <Filter>Source Files</Filter>
    </ClCompile>
    <ClCompile Include="ext\easyloggingpp-9.97.0\samples\STL\no-default-log-file.cpp">
      <Filter>Source Files</Filter>
    </ClCompile>
    <ClCompile Include="ext\easyloggingpp-9.97.0\samples\STL\occasional.cpp">
      <Filter>Source Files</Filter>
    </ClCompile>
    <ClCompile Include="ext\easyloggingpp-9.97.0\samples\STL\plog.cpp">
      <Filter>Source Files</Filter>
    </ClCompile>
    <ClCompile Include="ext\easyloggingpp-9.97.0\samples\STL\post-performance-tracking-handler.cpp">
      <Filter>Source Files</Filter>
    </ClCompile>
    <ClCompile Include="ext\easyloggingpp-9.97.0\samples\STL\pthread.cpp">
      <Filter>Source Files</Filter>
    </ClCompile>
    <ClCompile Include="ext\easyloggingpp-9.97.0\samples\STL\roll-out.cpp">
      <Filter>Source Files</Filter>
    </ClCompile>
    <ClCompile Include="ext\easyloggingpp-9.97.0\samples\STL\smart-pointer-null-check.cpp">
      <Filter>Source Files</Filter>
    </ClCompile>
    <ClCompile Include="ext\easyloggingpp-9.97.0\samples\STL\std-array.cpp">
      <Filter>Source Files</Filter>
    </ClCompile>
    <ClCompile Include="ext\easyloggingpp-9.97.0\samples\STL\syslog.cpp">
      <Filter>Source Files</Filter>
    </ClCompile>
    <ClCompile Include="ext\easyloggingpp-9.97.0\samples\STL\thread-names.cpp">
      <Filter>Source Files</Filter>
    </ClCompile>
    <ClCompile Include="ext\easyloggingpp-9.97.0\samples\STL\timed-block.cpp">
      <Filter>Source Files</Filter>
    </ClCompile>
    <ClCompile Include="ext\easyloggingpp-9.97.0\samples\STL\timed-scope.cpp">
      <Filter>Source Files</Filter>
    </ClCompile>
    <ClCompile Include="ext\easyloggingpp-9.97.0\samples\STL\verbose.cpp">
      <Filter>Source Files</Filter>
    </ClCompile>
    <ClCompile Include="ext\easyloggingpp-9.97.0\samples\STL\very-basic.cpp">
      <Filter>Source Files</Filter>
    </ClCompile>
    <ClCompile Include="ext\easyloggingpp-9.97.0\samples\VC++\VCPP2015_Win32\VCPP2015_Win32\easylogging++.cpp">
      <Filter>Source Files</Filter>
    </ClCompile>
    <ClCompile Include="ext\easyloggingpp-9.97.0\samples\VC++\VCPP2015_Win32\VCPP2015_Win32\main.cpp">
      <Filter>Source Files</Filter>
    </ClCompile>
    <ClCompile Include="ext\easyloggingpp-9.97.0\samples\VC++\VCPP2015_Win32_Multithreaded\VCPP2015_Win32\easylogging++.cc">
      <Filter>Source Files</Filter>
    </ClCompile>
    <ClCompile Include="ext\easyloggingpp-9.97.0\samples\VC++\VCPP2015_Win32_Multithreaded\VCPP2015_Win32\main.cpp">
      <Filter>Source Files</Filter>
    </ClCompile>
    <ClCompile Include="ext\easyloggingpp-9.97.0\samples\wxWidgets\easylogging++.cc">
      <Filter>Source Files</Filter>
    </ClCompile>
    <ClCompile Include="ext\easyloggingpp-9.97.0\samples\wxWidgets\wxhashmap.cpp">
      <Filter>Source Files</Filter>
    </ClCompile>
    <ClCompile Include="ext\easyloggingpp-9.97.0\samples\wxWidgets\wxhashset.cpp">
      <Filter>Source Files</Filter>
    </ClCompile>
    <ClCompile Include="ext\easyloggingpp-9.97.0\samples\wxWidgets\wxlist.cpp">
      <Filter>Source Files</Filter>
    </ClCompile>
    <ClCompile Include="ext\easyloggingpp-9.97.0\samples\wxWidgets\wxlonglong.cpp">
      <Filter>Source Files</Filter>
    </ClCompile>
    <ClCompile Include="ext\easyloggingpp-9.97.0\samples\wxWidgets\wxstring.cpp">
      <Filter>Source Files</Filter>
    </ClCompile>
    <ClCompile Include="ext\easyloggingpp-9.97.0\samples\wxWidgets\wxvector.cpp">
      <Filter>Source Files</Filter>
    </ClCompile>
    <ClCompile Include="ext\easyloggingpp-9.97.0\src\easylogging++.cc">
      <Filter>Source Files</Filter>
    </ClCompile>
    <ClCompile Include="ext\easyloggingpp-9.97.0\test\easylogging++.cc">
      <Filter>Source Files</Filter>
    </ClCompile>
    <ClCompile Include="ext\easyloggingpp-9.97.0\test\main.cc">
      <Filter>Source Files</Filter>
    </ClCompile>
  </ItemGroup>
  <ItemGroup>
    <ClInclude Include="ext\Dear-ImGui 1.89.2\backends\imgui_impl_glfw.h">
      <Filter>External Files\ImGui\Backends</Filter>
    </ClInclude>
    <ClInclude Include="ext\Dear-ImGui 1.89.2\backends\imgui_impl_opengl3.h">
      <Filter>External Files\ImGui\Backends</Filter>
    </ClInclude>
    <ClInclude Include="ext\Dear-ImGui 1.89.2\backends\imgui_impl_opengl3_loader.h">
      <Filter>External Files\ImGui\Backends</Filter>
    </ClInclude>
    <ClInclude Include="ext\Dear-ImGui 1.89.2\imconfig.h">
      <Filter>External Files\ImGui</Filter>
    </ClInclude>
    <ClInclude Include="ext\Dear-ImGui 1.89.2\imgui.h">
      <Filter>External Files\ImGui</Filter>
    </ClInclude>
    <ClInclude Include="ext\Dear-ImGui 1.89.2\imgui_internal.h">
      <Filter>External Files\ImGui</Filter>
    </ClInclude>
    <ClInclude Include="ext\Dear-ImGui 1.89.2\imstb_rectpack.h">
      <Filter>External Files\ImGui</Filter>
    </ClInclude>
    <ClInclude Include="ext\Dear-ImGui 1.89.2\imstb_textedit.h">
      <Filter>External Files\ImGui</Filter>
    </ClInclude>
    <ClInclude Include="ext\Dear-ImGui 1.89.2\imstb_truetype.h">
      <Filter>External Files\ImGui</Filter>
    </ClInclude>
    <ClInclude Include="ext\GLAD\include\glad\glad.h">
      <Filter>External Files\GLAD</Filter>
    </ClInclude>
    <ClInclude Include="ext\GLAD\include\KHR\khrplatform.h">
      <Filter>External Files\GLAD</Filter>
    </ClInclude>
    <ClInclude Include="src\Window.h">
      <Filter>Source Files</Filter>
    </ClInclude>
    <ClInclude Include="src\UniformData.h">
      <Filter>Source Files\AssetTypes\Material</Filter>
    </ClInclude>
    <ClInclude Include="src\Material.h">
      <Filter>Source Files\AssetTypes\Material</Filter>
    </ClInclude>
    <ClInclude Include="src\Mesh.h">
      <Filter>Source Files\AssetTypes\Mesh</Filter>
    </ClInclude>
    <ClInclude Include="src\Shader.h">
      <Filter>Source Files\AssetTypes\Shader</Filter>
    </ClInclude>
    <ClInclude Include="src\Texture.h">
      <Filter>Source Files\AssetTypes\Texture</Filter>
    </ClInclude>
    <ClInclude Include="src\MaterialLibrary.h">
      <Filter>Source Files\Systems\Resource Management</Filter>
    </ClInclude>
    <ClInclude Include="src\MaterialEnum.h">
      <Filter>Source Files\Systems\Resource Management</Filter>
    </ClInclude>
    <ClInclude Include="src\RenderBatch.h">
      <Filter>Source Files\Systems\Rendering</Filter>
    </ClInclude>
    <ClInclude Include="src\Renderer.h">
      <Filter>Source Files\Systems\Rendering</Filter>
    </ClInclude>
    <ClInclude Include="ext\nlohmann\json_fwd.hpp">
      <Filter>External Files\nlohmann</Filter>
    </ClInclude>
    <ClInclude Include="ext\nlohmann\json.hpp">
      <Filter>External Files\nlohmann</Filter>
    </ClInclude>
    <ClInclude Include="src\Component.h">
      <Filter>Source Files\Systems\EntitySystem</Filter>
    </ClInclude>
    <ClInclude Include="src\Entity.h">
      <Filter>Source Files\Systems\EntitySystem</Filter>
    </ClInclude>
    <ClInclude Include="src\TestComponent.h">
      <Filter>Source Files\Systems\EntitySystem</Filter>
    </ClInclude>
    <ClInclude Include="src\Light.h">
      <Filter>Source Files\Systems\Rendering</Filter>
    </ClInclude>
    <ClInclude Include="src\EntityFactory.h">
      <Filter>Source Files\Systems\Memory Management</Filter>
    </ClInclude>
    <ClInclude Include="src\EntityPool.h">
      <Filter>Source Files\Systems\Memory Management</Filter>
    </ClInclude>
    <ClInclude Include="src\TextureLibrary.h">
      <Filter>Source Files\Systems\Resource Management</Filter>
    </ClInclude>
    <ClInclude Include="src\MeshEnum.h">
      <Filter>Source Files\Systems\Resource Management</Filter>
    </ClInclude>
    <ClInclude Include="src\ShaderEnum.h">
      <Filter>Source Files\Systems\Resource Management</Filter>
    </ClInclude>
    <ClInclude Include="src\ShaderLibrary.h">
      <Filter>Source Files\Systems\Resource Management</Filter>
    </ClInclude>
    <ClInclude Include="src\TextureEnum.h">
      <Filter>Source Files\Systems\Resource Management</Filter>
    </ClInclude>
    <ClInclude Include="resource.h">
      <Filter>External Files</Filter>
    </ClInclude>
    <ClInclude Include="ext\easyloggingpp-9.97.0\samples\API\easylogging++.h">
      <Filter>External Files</Filter>
    </ClInclude>
    <ClInclude Include="ext\easyloggingpp-9.97.0\samples\async\easylogging++.h">
      <Filter>External Files</Filter>
    </ClInclude>
    <ClInclude Include="ext\easyloggingpp-9.97.0\samples\async\mymath.h">
      <Filter>External Files</Filter>
    </ClInclude>
    <ClInclude Include="ext\easyloggingpp-9.97.0\samples\boost\easylogging++.h">
      <Filter>External Files</Filter>
    </ClInclude>
    <ClInclude Include="ext\easyloggingpp-9.97.0\samples\gtkmm\hello_gtkmm\easylogging++.h">
      <Filter>External Files</Filter>
    </ClInclude>
    <ClInclude Include="ext\easyloggingpp-9.97.0\samples\gtkmm\hello_gtkmm\window.h">
      <Filter>External Files</Filter>
    </ClInclude>
    <ClInclude Include="ext\easyloggingpp-9.97.0\samples\gtkmm\easylogging++.h">
      <Filter>External Files</Filter>
    </ClInclude>
    <ClInclude Include="ext\easyloggingpp-9.97.0\samples\MinGW\easylogging++.h">
      <Filter>External Files</Filter>
    </ClInclude>
    <ClInclude Include="ext\easyloggingpp-9.97.0\samples\OpenGL\Cube\imageloader.h">
      <Filter>External Files</Filter>
    </ClInclude>
    <ClInclude Include="ext\easyloggingpp-9.97.0\samples\OpenGL\easylogging++.h">
      <Filter>External Files</Filter>
    </ClInclude>
    <ClInclude Include="ext\easyloggingpp-9.97.0\samples\Qt\basic\easylogging++.h">
      <Filter>External Files</Filter>
    </ClInclude>
    <ClInclude Include="ext\easyloggingpp-9.97.0\samples\Qt\basic\mythread.h">
      <Filter>External Files</Filter>
    </ClInclude>
    <ClInclude Include="ext\easyloggingpp-9.97.0\samples\Qt\fast-dictionary\listwithsearch.hh">
      <Filter>External Files</Filter>
    </ClInclude>
    <ClInclude Include="ext\easyloggingpp-9.97.0\samples\Qt\fast-dictionary\mainwindow.hh">
      <Filter>External Files</Filter>
    </ClInclude>
    <ClInclude Include="ext\easyloggingpp-9.97.0\samples\Qt\fast-dictionary\ui_mainwindow.h">
      <Filter>External Files</Filter>
    </ClInclude>
    <ClInclude Include="ext\easyloggingpp-9.97.0\samples\Qt\file-splitter-joiner\about.h">
      <Filter>External Files</Filter>
    </ClInclude>
    <ClInclude Include="ext\easyloggingpp-9.97.0\samples\Qt\file-splitter-joiner\addsplittedfiledialog.h">
      <Filter>External Files</Filter>
    </ClInclude>
    <ClInclude Include="ext\easyloggingpp-9.97.0\samples\Qt\file-splitter-joiner\easylogging++.h">
      <Filter>External Files</Filter>
    </ClInclude>
    <ClInclude Include="ext\easyloggingpp-9.97.0\samples\Qt\file-splitter-joiner\joinercore.h">
      <Filter>External Files</Filter>
    </ClInclude>
    <ClInclude Include="ext\easyloggingpp-9.97.0\samples\Qt\file-splitter-joiner\joinerwidget.h">
      <Filter>External Files</Filter>
    </ClInclude>
    <ClInclude Include="ext\easyloggingpp-9.97.0\samples\Qt\file-splitter-joiner\mainwindow.h">
      <Filter>External Files</Filter>
    </ClInclude>
    <ClInclude Include="ext\easyloggingpp-9.97.0\samples\Qt\file-splitter-joiner\partprocessor.h">
      <Filter>External Files</Filter>
    </ClInclude>
    <ClInclude Include="ext\easyloggingpp-9.97.0\samples\Qt\file-splitter-joiner\splitablefiledelegate.h">
      <Filter>External Files</Filter>
    </ClInclude>
    <ClInclude Include="ext\easyloggingpp-9.97.0\samples\Qt\file-splitter-joiner\splittercore.h">
      <Filter>External Files</Filter>
    </ClInclude>
    <ClInclude Include="ext\easyloggingpp-9.97.0\samples\Qt\file-splitter-joiner\splitterwidget.h">
      <Filter>External Files</Filter>
    </ClInclude>
    <ClInclude Include="ext\easyloggingpp-9.97.0\samples\Qt\shared-lib\myapp\easylogging++.h">
      <Filter>External Files</Filter>
    </ClInclude>
    <ClInclude Include="ext\easyloggingpp-9.97.0\samples\Qt\shared-lib\mylib\easylogging++.h">
      <Filter>External Files</Filter>
    </ClInclude>
    <ClInclude Include="ext\easyloggingpp-9.97.0\samples\Qt\shared-lib\mylib\mylib.hh">
      <Filter>External Files</Filter>
    </ClInclude>
    <ClInclude Include="ext\easyloggingpp-9.97.0\samples\Qt\shared-lib\mylib\mylib_global.hh">
      <Filter>External Files</Filter>
    </ClInclude>
    <ClInclude Include="ext\easyloggingpp-9.97.0\samples\send-to-network\easylogging++.h">
      <Filter>External Files</Filter>
    </ClInclude>
    <ClInclude Include="ext\easyloggingpp-9.97.0\samples\STL\shared-static-libs\lib\include\easylogging++.h">
      <Filter>External Files</Filter>
    </ClInclude>
    <ClInclude Include="ext\easyloggingpp-9.97.0\samples\STL\shared-static-libs\lib\include\mylib.hpp">
      <Filter>External Files</Filter>
    </ClInclude>
    <ClInclude Include="ext\easyloggingpp-9.97.0\samples\STL\shared-static-libs\easylogging++.h">
      <Filter>External Files</Filter>
    </ClInclude>
    <ClInclude Include="ext\easyloggingpp-9.97.0\samples\STL\easylogging++.h">
      <Filter>External Files</Filter>
    </ClInclude>
    <ClInclude Include="ext\easyloggingpp-9.97.0\samples\VC++\VCPP2015_Win32\VCPP2015_Win32\easylogging++.h">
      <Filter>External Files</Filter>
    </ClInclude>
    <ClInclude Include="ext\easyloggingpp-9.97.0\samples\VC++\VCPP2015_Win32_Multithreaded\VCPP2015_Win32\easylogging++.h">
      <Filter>External Files</Filter>
    </ClInclude>
    <ClInclude Include="ext\easyloggingpp-9.97.0\samples\wxWidgets\easylogging++.h">
      <Filter>External Files</Filter>
    </ClInclude>
    <ClInclude Include="ext\easyloggingpp-9.97.0\src\easylogging++.h">
      <Filter>External Files</Filter>
    </ClInclude>
    <ClInclude Include="ext\easyloggingpp-9.97.0\test\command-line-args-test.h">
      <Filter>External Files</Filter>
    </ClInclude>
    <ClInclude Include="ext\easyloggingpp-9.97.0\test\configurations-test.h">
      <Filter>External Files</Filter>
    </ClInclude>
    <ClInclude Include="ext\easyloggingpp-9.97.0\test\custom-format-specifier-test.h">
      <Filter>External Files</Filter>
    </ClInclude>
    <ClInclude Include="ext\easyloggingpp-9.97.0\test\date-utils-test.h">
      <Filter>External Files</Filter>
    </ClInclude>
    <ClInclude Include="ext\easyloggingpp-9.97.0\test\easylogging++.h">
      <Filter>External Files</Filter>
    </ClInclude>
    <ClInclude Include="ext\easyloggingpp-9.97.0\test\enum-helper-test.h">
      <Filter>External Files</Filter>
    </ClInclude>
    <ClInclude Include="ext\easyloggingpp-9.97.0\test\file-utils-test.h">
      <Filter>External Files</Filter>
    </ClInclude>
    <ClInclude Include="ext\easyloggingpp-9.97.0\test\format-specifier-test.h">
      <Filter>External Files</Filter>
    </ClInclude>
    <ClInclude Include="ext\easyloggingpp-9.97.0\test\global-configurations-test.h">
      <Filter>External Files</Filter>
    </ClInclude>
    <ClInclude Include="ext\easyloggingpp-9.97.0\test\helpers-test.h">
      <Filter>External Files</Filter>
    </ClInclude>
    <ClInclude Include="ext\easyloggingpp-9.97.0\test\hit-counter-test.h">
      <Filter>External Files</Filter>
    </ClInclude>
    <ClInclude Include="ext\easyloggingpp-9.97.0\test\log-format-resolution-test.h">
      <Filter>External Files</Filter>
    </ClInclude>
    <ClInclude Include="ext\easyloggingpp-9.97.0\test\loggable-test.h">
      <Filter>External Files</Filter>
    </ClInclude>
    <ClInclude Include="ext\easyloggingpp-9.97.0\test\logger-test.h">
      <Filter>External Files</Filter>
    </ClInclude>
    <ClInclude Include="ext\easyloggingpp-9.97.0\test\macros-test.h">
      <Filter>External Files</Filter>
    </ClInclude>
    <ClInclude Include="ext\easyloggingpp-9.97.0\test\os-utils-test.h">
      <Filter>External Files</Filter>
    </ClInclude>
    <ClInclude Include="ext\easyloggingpp-9.97.0\test\plog-test.h">
      <Filter>External Files</Filter>
    </ClInclude>
    <ClInclude Include="ext\easyloggingpp-9.97.0\test\post-log-dispatch-handler-test.h">
      <Filter>External Files</Filter>
    </ClInclude>
    <ClInclude Include="ext\easyloggingpp-9.97.0\test\registry-test.h">
      <Filter>External Files</Filter>
    </ClInclude>
    <ClInclude Include="ext\easyloggingpp-9.97.0\test\strict-file-size-check-test.h">
      <Filter>External Files</Filter>
    </ClInclude>
    <ClInclude Include="ext\easyloggingpp-9.97.0\test\string-utils-test.h">
      <Filter>External Files</Filter>
    </ClInclude>
    <ClInclude Include="ext\easyloggingpp-9.97.0\test\syslog-test.h">
      <Filter>External Files</Filter>
    </ClInclude>
    <ClInclude Include="ext\easyloggingpp-9.97.0\test\test.h">
      <Filter>External Files</Filter>
    </ClInclude>
    <ClInclude Include="ext\easyloggingpp-9.97.0\test\typed-configurations-test.h">
      <Filter>External Files</Filter>
    </ClInclude>
    <ClInclude Include="ext\easyloggingpp-9.97.0\test\utilities-test.h">
      <Filter>External Files</Filter>
    </ClInclude>
    <ClInclude Include="ext\easyloggingpp-9.97.0\test\verbose-app-arguments-test.h">
      <Filter>External Files</Filter>
    </ClInclude>
    <ClInclude Include="ext\easyloggingpp-9.97.0\test\write-all-test.h">
      <Filter>External Files</Filter>
    </ClInclude>
  </ItemGroup>
  <ItemGroup>
    <None Include="src\MaterialDiagram.cd">
      <Filter>Class Diagrams</Filter>
    </None>
    <None Include="res\Shaders\vert\perspective.glsl">
      <Filter>Resource Files\Shaders</Filter>
    </None>
    <None Include="src\unlit.glsl">
      <Filter>Resource Files\Shaders</Filter>
    </None>
  </ItemGroup>
  <ItemGroup>
    <ResourceCompile Include="Mackerel-Core1.rc">
      <Filter>Resource Files</Filter>
    </ResourceCompile>
  </ItemGroup>
</Project>